
Microsoft Visual Studio Solution File, Format Version 12.00
# Visual Studio Version 16
VisualStudioVersion = 16.0.30413.136
MinimumVisualStudioVersion = 10.0.40219.1
Project("{FAE04EC0-301F-11D3-BF4B-00C04F79EFBC}") = "AasxPackageExplorer", "AasxPackageExplorer\AasxPackageExplorer.csproj", "{569B369E-9393-4F57-994E-6B84398FD7CC}"
EndProject
Project("{FAE04EC0-301F-11D3-BF4B-00C04F79EFBC}") = "AasxGenerate", "AasxGenerate\AasxGenerate.csproj", "{294FC59A-5645-412F-8216-702FB66528C1}"
EndProject
Project("{FAE04EC0-301F-11D3-BF4B-00C04F79EFBC}") = "AasxCsharpLibrary", "AasxCsharpLibrary\AasxCsharpLibrary.csproj", "{9863799B-4E44-4DA2-9120-C85C7985BC6D}"
EndProject
Project("{FAE04EC0-301F-11D3-BF4B-00C04F79EFBC}") = "AasxWpfControlLibrary", "AasxWpfControlLibrary\AasxWpfControlLibrary.csproj", "{EBAE658A-3ECE-4C98-89BC-F79809AB4A5E}"
EndProject
Project("{FAE04EC0-301F-11D3-BF4B-00C04F79EFBC}") = "AasxRestServerLibrary", "AasxRestServerLibrary\AasxRestServerLibrary.csproj", "{967E60E3-D668-42A3-AA0B-1A031C20D871}"
EndProject
Project("{FAE04EC0-301F-11D3-BF4B-00C04F79EFBC}") = "AasxRestConsoleServer", "AasxRestConsoleServer\AasxRestConsoleServer.csproj", "{6C45112D-B7F0-4463-BE6D-A8A2B5A547BF}"
EndProject
Project("{FAE04EC0-301F-11D3-BF4B-00C04F79EFBC}") = "AasxIntegrationBase", "AasxIntegrationBase\AasxIntegrationBase.csproj", "{5A05DF78-216B-4A0B-9E30-7B2557C7E867}"
EndProject
Project("{FAE04EC0-301F-11D3-BF4B-00C04F79EFBC}") = "AasxIntegrationEmptySample", "AasxIntegrationEmptySample\AasxIntegrationEmptySample.csproj", "{7B8F763F-39FE-4947-B0E6-B9D97A3B6F8B}"
EndProject
Project("{FAE04EC0-301F-11D3-BF4B-00C04F79EFBC}") = "AasxAmlImExport", "AasxAmlImExport\AasxAmlImExport.csproj", "{6D1A03B2-EBA7-4CE2-9237-DF9AD7128947}"
EndProject
Project("{FAE04EC0-301F-11D3-BF4B-00C04F79EFBC}") = "AasxMqtt", "AasxMqtt\AasxMqtt.csproj", "{042305D7-DB68-4D02-B08F-ED47BBCD705E}"
EndProject
Project("{FAE04EC0-301F-11D3-BF4B-00C04F79EFBC}") = "AasxMqttClient", "AasxMqttClient\AasxMqttClient.csproj", "{7DFE2ECB-37C5-4697-8D8C-050ECAFCF553}"
EndProject
Project("{FAE04EC0-301F-11D3-BF4B-00C04F79EFBC}") = "AasxPluginBomStructure", "AasxPluginBomStructure\AasxPluginBomStructure.csproj", "{9E14C360-2DBC-46AE-90A5-6171ABA9CFDB}"
EndProject
Project("{FAE04EC0-301F-11D3-BF4B-00C04F79EFBC}") = "AasxPredefinedConcepts", "AasxPredefinedConcepts\AasxPredefinedConcepts.csproj", "{A8583F61-E5D8-44A0-98E3-A795578BE3F0}"
EndProject
Project("{FAE04EC0-301F-11D3-BF4B-00C04F79EFBC}") = "AasxPluginDocumentShelf", "AasxPluginDocumentShelf\AasxPluginDocumentShelf.csproj", "{00CDE8B2-EBF3-4ECC-B533-D2270693828F}"
EndProject
Project("{FAE04EC0-301F-11D3-BF4B-00C04F79EFBC}") = "AasxIntegrationBaseWpf", "AasxIntegrationBaseWpf\AasxIntegrationBaseWpf.csproj", "{E3AB36EA-E98A-4CC2-BC18-1D0E40EEAE1A}"
EndProject
Project("{FAE04EC0-301F-11D3-BF4B-00C04F79EFBC}") = "AasxPluginGenericForms", "AasxPluginGenericForms\AasxPluginGenericForms.csproj", "{B9A11210-B5F8-40BC-9464-04D69C3C512B}"
EndProject
Project("{FAE04EC0-301F-11D3-BF4B-00C04F79EFBC}") = "MsaglWpfControl", "MsaglWpfControl\MsaglWpfControl.csproj", "{57BB1D65-1EF9-4EAE-A1DE-9EA749431FA1}"
EndProject
Project("{FAE04EC0-301F-11D3-BF4B-00C04F79EFBC}") = "AasxPluginExportTable", "AasxPluginExportTable\AasxPluginExportTable.csproj", "{FB0ACC7F-3115-44BF-9931-1BB317CC2F02}"
EndProject
Project("{FAE04EC0-301F-11D3-BF4B-00C04F79EFBC}") = "AasxPluginWebBrowser", "AasxPluginWebBrowser\AasxPluginWebBrowser.csproj", "{AA2A09A7-1E92-4572-9411-249C392ED6A6}"
EndProject
Project("{FAE04EC0-301F-11D3-BF4B-00C04F79EFBC}") = "AasxPluginTechnicalData", "AasxPluginTechnicalData\AasxPluginTechnicalData.csproj", "{B074E5E8-A2D4-4DFB-81C6-4DD5F0ABB8B4}"
EndProject
Project("{2150E333-8FDC-42A3-9474-1A3956D46DE8}") = "Solution Items", "Solution Items", "{9264D68F-5269-420F-A486-6B8F39BEEB8B}"
	ProjectSection(SolutionItems) = preProject
		README-packages.md = README-packages.md
	EndProjectSection
EndProject
Project("{FAE04EC0-301F-11D3-BF4B-00C04F79EFBC}") = "AasxUANodesetImExport", "AasxUANodesetImExport\AasxUANodesetImExport.csproj", "{65783100-86DA-4CF6-8066-1292B902B216}"
EndProject
Project("{FAE04EC0-301F-11D3-BF4B-00C04F79EFBC}") = "AasxDictionaryImport", "AasxDictionaryImport\AasxDictionaryImport.csproj", "{DEC389BC-59BC-48E5-B163-6E44CE782C4A}"
EndProject
Project("{FAE04EC0-301F-11D3-BF4B-00C04F79EFBC}") = "AasxSignature", "AasxSignature\AasxSignature.csproj", "{69824EF3-30F8-4C8A-874E-9B1F5873D25E}"
EndProject
Project("{FAE04EC0-301F-11D3-BF4B-00C04F79EFBC}") = "AasxOpenidClient", "AasxOpenidClient\AasxOpenidClient.csproj", "{7788AC2B-7F97-4755-B343-C4196FA90198}"
EndProject
Project("{FAE04EC0-301F-11D3-BF4B-00C04F79EFBC}") = "AasxCsharpLibrary.Tests", "AasxCsharpLibrary.Tests\AasxCsharpLibrary.Tests.csproj", "{2F21FEFF-F0EF-40B5-BA05-09FC9F499AE9}"
EndProject
Project("{2150E333-8FDC-42A3-9474-1A3956D46DE8}") = "BaseCode", "BaseCode", "{DDA9C372-F8ED-4099-A53C-01B9333FD985}"
EndProject
Project("{FAE04EC0-301F-11D3-BF4B-00C04F79EFBC}") = "AasxDictionaryImport.Tests", "AasxDictionaryImport.Tests\AasxDictionaryImport.Tests.csproj", "{B540EBF4-C026-45A4-9721-909AF0CC14C1}"
EndProject
Project("{2150E333-8FDC-42A3-9474-1A3956D46DE8}") = "FunctionalLibs", "FunctionalLibs", "{F9AE9D23-200C-455B-B14E-2EF20B13432E}"
EndProject
Project("{2150E333-8FDC-42A3-9474-1A3956D46DE8}") = "Plugins", "Plugins", "{66D730EB-B9D7-4C3A-8954-0F86240AD612}"
EndProject
Project("{2150E333-8FDC-42A3-9474-1A3956D46DE8}") = "ProgsCommandLine", "ProgsCommandLine", "{1A282279-9375-4714-96B6-89A00985C9DC}"
EndProject
Project("{2150E333-8FDC-42A3-9474-1A3956D46DE8}") = "ProgsUserInterface", "ProgsUserInterface", "{98C89299-C429-4F0B-9938-4B7775943393}"
EndProject
Project("{2150E333-8FDC-42A3-9474-1A3956D46DE8}") = "DataStore", "DataStore", "{9490C085-8FDC-4EDE-BDCF-280FC19E43FF}"
EndProject
Project("{FAE04EC0-301F-11D3-BF4B-00C04F79EFBC}") = "WpfMtpControl", "WpfMtpControl\WpfMtpControl.csproj", "{F6CF3948-C67A-40FC-812A-3733F673EA21}"
EndProject
Project("{FAE04EC0-301F-11D3-BF4B-00C04F79EFBC}") = "AasxPluginMtpViewer", "AasxPluginMtpViewer\AasxPluginMtpViewer.csproj", "{7A612803-BAE2-4FED-BBCE-56079EDB8594}"
EndProject
Project("{FAE04EC0-301F-11D3-BF4B-00C04F79EFBC}") = "WpfMtpVisuViewer", "WpfMtpVisuViewer\WpfMtpVisuViewer.csproj", "{1E2E9A75-3C8C-4CD9-BE11-32190FD4313C}"
EndProject
Project("{2150E333-8FDC-42A3-9474-1A3956D46DE8}") = "FunctionalUiLibs", "FunctionalUiLibs", "{C1752DB5-0157-4666-A25D-2666089457BB}"
EndProject
Project("{FAE04EC0-301F-11D3-BF4B-00C04F79EFBC}") = "AasxUaNetServer", "AasxUaNetServer\AasxUaNetServer.csproj", "{C1E3F0D9-2BEA-4668-AFF4-454FDF527A58}"
EndProject
Project("{FAE04EC0-301F-11D3-BF4B-00C04F79EFBC}") = "AasxPluginUaNetServer", "AasxPluginUaNetServer\AasxPluginUaNetServer.csproj", "{32EEDE14-8622-42E6-81AE-33941B7A6EFC}"
EndProject
Project("{FAE04EC0-301F-11D3-BF4B-00C04F79EFBC}") = "AasxPluginUaNetClient", "AasxPluginUaNetClient\AasxPluginUaNetClient.csproj", "{9EB71E8B-EC41-4054-BAB4-F419B4D13A36}"
EndProject
Project("{FAE04EC0-301F-11D3-BF4B-00C04F79EFBC}") = "AasxUaNetConsoleServer", "AasxUaNetConsoleServer\AasxUaNetConsoleServer.csproj", "{232852C2-358B-4577-9D29-1E48ED75C342}"
EndProject
Project("{2150E333-8FDC-42A3-9474-1A3956D46DE8}") = "UserSpecific", "UserSpecific", "{4FD813E9-EC97-4E85-BAFC-5280BC07C302}"
	ProjectSection(SolutionItems) = preProject
		MIHO.NUnit.runsettings = MIHO.NUnit.runsettings
	EndProjectSection
EndProject
Project("{FAE04EC0-301F-11D3-BF4B-00C04F79EFBC}") = "WpfXamlTool", "WpfXamlTool\WpfXamlTool.csproj", "{96FBCF5F-BBF3-4076-8DB6-BF9D8420F3DC}"
EndProject
Project("{FAE04EC0-301F-11D3-BF4B-00C04F79EFBC}") = "AasxPluginImageMap", "AasxPluginImageMap\AasxPluginImageMap.csproj", "{8D09D103-1B97-4D54-BAA9-841B2F93FF36}"
EndProject
Global
	GlobalSection(SolutionConfigurationPlatforms) = preSolution
		Debug|Any CPU = Debug|Any CPU
		Debug|x64 = Debug|x64
		Debug|x86 = Debug|x86
		DebugWithoutCEF|Any CPU = DebugWithoutCEF|Any CPU
		DebugWithoutCEF|x64 = DebugWithoutCEF|x64
		DebugWithoutCEF|x86 = DebugWithoutCEF|x86
		Release|Any CPU = Release|Any CPU
		Release|x64 = Release|x64
		Release|x86 = Release|x86
		ReleaseWithoutCEF|Any CPU = ReleaseWithoutCEF|Any CPU
		ReleaseWithoutCEF|x64 = ReleaseWithoutCEF|x64
		ReleaseWithoutCEF|x86 = ReleaseWithoutCEF|x86
	EndGlobalSection
	GlobalSection(ProjectConfigurationPlatforms) = postSolution
		{569B369E-9393-4F57-994E-6B84398FD7CC}.Debug|Any CPU.ActiveCfg = Debug|x64
		{569B369E-9393-4F57-994E-6B84398FD7CC}.Debug|Any CPU.Build.0 = Debug|x64
		{569B369E-9393-4F57-994E-6B84398FD7CC}.Debug|x64.ActiveCfg = Debug|x64
		{569B369E-9393-4F57-994E-6B84398FD7CC}.Debug|x64.Build.0 = Debug|x64
		{569B369E-9393-4F57-994E-6B84398FD7CC}.Debug|x86.ActiveCfg = Debug|Any CPU
		{569B369E-9393-4F57-994E-6B84398FD7CC}.Debug|x86.Build.0 = Debug|Any CPU
		{569B369E-9393-4F57-994E-6B84398FD7CC}.DebugWithoutCEF|Any CPU.ActiveCfg = DebugWithoutCEF|Any CPU
		{569B369E-9393-4F57-994E-6B84398FD7CC}.DebugWithoutCEF|Any CPU.Build.0 = DebugWithoutCEF|Any CPU
		{569B369E-9393-4F57-994E-6B84398FD7CC}.DebugWithoutCEF|x64.ActiveCfg = DebugWithoutCEF|x64
		{569B369E-9393-4F57-994E-6B84398FD7CC}.DebugWithoutCEF|x64.Build.0 = DebugWithoutCEF|x64
		{569B369E-9393-4F57-994E-6B84398FD7CC}.DebugWithoutCEF|x86.ActiveCfg = DebugWithoutCEF|Any CPU
		{569B369E-9393-4F57-994E-6B84398FD7CC}.DebugWithoutCEF|x86.Build.0 = DebugWithoutCEF|Any CPU
		{569B369E-9393-4F57-994E-6B84398FD7CC}.Release|Any CPU.ActiveCfg = Release|Any CPU
		{569B369E-9393-4F57-994E-6B84398FD7CC}.Release|Any CPU.Build.0 = Release|Any CPU
		{569B369E-9393-4F57-994E-6B84398FD7CC}.Release|x64.ActiveCfg = Release|x64
		{569B369E-9393-4F57-994E-6B84398FD7CC}.Release|x64.Build.0 = Release|x64
		{569B369E-9393-4F57-994E-6B84398FD7CC}.Release|x86.ActiveCfg = Release|Any CPU
		{569B369E-9393-4F57-994E-6B84398FD7CC}.Release|x86.Build.0 = Release|Any CPU
		{569B369E-9393-4F57-994E-6B84398FD7CC}.ReleaseWithoutCEF|Any CPU.ActiveCfg = ReleaseWithoutCEF|Any CPU
		{569B369E-9393-4F57-994E-6B84398FD7CC}.ReleaseWithoutCEF|Any CPU.Build.0 = ReleaseWithoutCEF|Any CPU
		{569B369E-9393-4F57-994E-6B84398FD7CC}.ReleaseWithoutCEF|x64.ActiveCfg = ReleaseWithoutCEF|x64
		{569B369E-9393-4F57-994E-6B84398FD7CC}.ReleaseWithoutCEF|x64.Build.0 = ReleaseWithoutCEF|x64
		{569B369E-9393-4F57-994E-6B84398FD7CC}.ReleaseWithoutCEF|x86.ActiveCfg = ReleaseWithoutCEF|Any CPU
		{569B369E-9393-4F57-994E-6B84398FD7CC}.ReleaseWithoutCEF|x86.Build.0 = ReleaseWithoutCEF|Any CPU
		{294FC59A-5645-412F-8216-702FB66528C1}.Debug|Any CPU.ActiveCfg = Debug|Any CPU
		{294FC59A-5645-412F-8216-702FB66528C1}.Debug|Any CPU.Build.0 = Debug|Any CPU
		{294FC59A-5645-412F-8216-702FB66528C1}.Debug|x64.ActiveCfg = Debug|Any CPU
		{294FC59A-5645-412F-8216-702FB66528C1}.Debug|x64.Build.0 = Debug|Any CPU
		{294FC59A-5645-412F-8216-702FB66528C1}.Debug|x86.ActiveCfg = Debug|Any CPU
		{294FC59A-5645-412F-8216-702FB66528C1}.Debug|x86.Build.0 = Debug|Any CPU
		{294FC59A-5645-412F-8216-702FB66528C1}.DebugWithoutCEF|Any CPU.ActiveCfg = Debug|Any CPU
		{294FC59A-5645-412F-8216-702FB66528C1}.DebugWithoutCEF|Any CPU.Build.0 = Debug|Any CPU
		{294FC59A-5645-412F-8216-702FB66528C1}.DebugWithoutCEF|x64.ActiveCfg = Debug|Any CPU
		{294FC59A-5645-412F-8216-702FB66528C1}.DebugWithoutCEF|x64.Build.0 = Debug|Any CPU
		{294FC59A-5645-412F-8216-702FB66528C1}.DebugWithoutCEF|x86.ActiveCfg = Debug|Any CPU
		{294FC59A-5645-412F-8216-702FB66528C1}.DebugWithoutCEF|x86.Build.0 = Debug|Any CPU
		{294FC59A-5645-412F-8216-702FB66528C1}.Release|Any CPU.ActiveCfg = Release|Any CPU
		{294FC59A-5645-412F-8216-702FB66528C1}.Release|Any CPU.Build.0 = Release|Any CPU
		{294FC59A-5645-412F-8216-702FB66528C1}.Release|x64.ActiveCfg = Release|Any CPU
		{294FC59A-5645-412F-8216-702FB66528C1}.Release|x64.Build.0 = Release|Any CPU
		{294FC59A-5645-412F-8216-702FB66528C1}.Release|x86.ActiveCfg = Release|Any CPU
		{294FC59A-5645-412F-8216-702FB66528C1}.Release|x86.Build.0 = Release|Any CPU
		{294FC59A-5645-412F-8216-702FB66528C1}.ReleaseWithoutCEF|Any CPU.ActiveCfg = Release|Any CPU
		{294FC59A-5645-412F-8216-702FB66528C1}.ReleaseWithoutCEF|Any CPU.Build.0 = Release|Any CPU
		{294FC59A-5645-412F-8216-702FB66528C1}.ReleaseWithoutCEF|x64.ActiveCfg = Release|Any CPU
		{294FC59A-5645-412F-8216-702FB66528C1}.ReleaseWithoutCEF|x64.Build.0 = Release|Any CPU
		{294FC59A-5645-412F-8216-702FB66528C1}.ReleaseWithoutCEF|x86.ActiveCfg = Release|Any CPU
		{294FC59A-5645-412F-8216-702FB66528C1}.ReleaseWithoutCEF|x86.Build.0 = Release|Any CPU
		{9863799B-4E44-4DA2-9120-C85C7985BC6D}.Debug|Any CPU.ActiveCfg = Debug|Any CPU
		{9863799B-4E44-4DA2-9120-C85C7985BC6D}.Debug|Any CPU.Build.0 = Debug|Any CPU
		{9863799B-4E44-4DA2-9120-C85C7985BC6D}.Debug|x64.ActiveCfg = Debug|Any CPU
		{9863799B-4E44-4DA2-9120-C85C7985BC6D}.Debug|x64.Build.0 = Debug|Any CPU
		{9863799B-4E44-4DA2-9120-C85C7985BC6D}.Debug|x86.ActiveCfg = Debug|Any CPU
		{9863799B-4E44-4DA2-9120-C85C7985BC6D}.Debug|x86.Build.0 = Debug|Any CPU
		{9863799B-4E44-4DA2-9120-C85C7985BC6D}.DebugWithoutCEF|Any CPU.ActiveCfg = Debug|Any CPU
		{9863799B-4E44-4DA2-9120-C85C7985BC6D}.DebugWithoutCEF|Any CPU.Build.0 = Debug|Any CPU
		{9863799B-4E44-4DA2-9120-C85C7985BC6D}.DebugWithoutCEF|x64.ActiveCfg = Debug|Any CPU
		{9863799B-4E44-4DA2-9120-C85C7985BC6D}.DebugWithoutCEF|x64.Build.0 = Debug|Any CPU
		{9863799B-4E44-4DA2-9120-C85C7985BC6D}.DebugWithoutCEF|x86.ActiveCfg = Debug|Any CPU
		{9863799B-4E44-4DA2-9120-C85C7985BC6D}.DebugWithoutCEF|x86.Build.0 = Debug|Any CPU
		{9863799B-4E44-4DA2-9120-C85C7985BC6D}.Release|Any CPU.ActiveCfg = Release|Any CPU
		{9863799B-4E44-4DA2-9120-C85C7985BC6D}.Release|Any CPU.Build.0 = Release|Any CPU
		{9863799B-4E44-4DA2-9120-C85C7985BC6D}.Release|x64.ActiveCfg = Release|Any CPU
		{9863799B-4E44-4DA2-9120-C85C7985BC6D}.Release|x64.Build.0 = Release|Any CPU
		{9863799B-4E44-4DA2-9120-C85C7985BC6D}.Release|x86.ActiveCfg = Release|Any CPU
		{9863799B-4E44-4DA2-9120-C85C7985BC6D}.Release|x86.Build.0 = Release|Any CPU
		{9863799B-4E44-4DA2-9120-C85C7985BC6D}.ReleaseWithoutCEF|Any CPU.ActiveCfg = Release|Any CPU
		{9863799B-4E44-4DA2-9120-C85C7985BC6D}.ReleaseWithoutCEF|Any CPU.Build.0 = Release|Any CPU
		{9863799B-4E44-4DA2-9120-C85C7985BC6D}.ReleaseWithoutCEF|x64.ActiveCfg = Release|Any CPU
		{9863799B-4E44-4DA2-9120-C85C7985BC6D}.ReleaseWithoutCEF|x64.Build.0 = Release|Any CPU
		{9863799B-4E44-4DA2-9120-C85C7985BC6D}.ReleaseWithoutCEF|x86.ActiveCfg = Release|Any CPU
		{9863799B-4E44-4DA2-9120-C85C7985BC6D}.ReleaseWithoutCEF|x86.Build.0 = Release|Any CPU
		{EBAE658A-3ECE-4C98-89BC-F79809AB4A5E}.Debug|Any CPU.ActiveCfg = Debug|Any CPU
		{EBAE658A-3ECE-4C98-89BC-F79809AB4A5E}.Debug|Any CPU.Build.0 = Debug|Any CPU
		{EBAE658A-3ECE-4C98-89BC-F79809AB4A5E}.Debug|x64.ActiveCfg = Debug|Any CPU
		{EBAE658A-3ECE-4C98-89BC-F79809AB4A5E}.Debug|x64.Build.0 = Debug|Any CPU
		{EBAE658A-3ECE-4C98-89BC-F79809AB4A5E}.Debug|x86.ActiveCfg = Debug|Any CPU
		{EBAE658A-3ECE-4C98-89BC-F79809AB4A5E}.Debug|x86.Build.0 = Debug|Any CPU
		{EBAE658A-3ECE-4C98-89BC-F79809AB4A5E}.DebugWithoutCEF|Any CPU.ActiveCfg = Debug|Any CPU
		{EBAE658A-3ECE-4C98-89BC-F79809AB4A5E}.DebugWithoutCEF|Any CPU.Build.0 = Debug|Any CPU
		{EBAE658A-3ECE-4C98-89BC-F79809AB4A5E}.DebugWithoutCEF|x64.ActiveCfg = Debug|Any CPU
		{EBAE658A-3ECE-4C98-89BC-F79809AB4A5E}.DebugWithoutCEF|x64.Build.0 = Debug|Any CPU
		{EBAE658A-3ECE-4C98-89BC-F79809AB4A5E}.DebugWithoutCEF|x86.ActiveCfg = Debug|Any CPU
		{EBAE658A-3ECE-4C98-89BC-F79809AB4A5E}.DebugWithoutCEF|x86.Build.0 = Debug|Any CPU
		{EBAE658A-3ECE-4C98-89BC-F79809AB4A5E}.Release|Any CPU.ActiveCfg = Release|Any CPU
		{EBAE658A-3ECE-4C98-89BC-F79809AB4A5E}.Release|Any CPU.Build.0 = Release|Any CPU
		{EBAE658A-3ECE-4C98-89BC-F79809AB4A5E}.Release|x64.ActiveCfg = Release|Any CPU
		{EBAE658A-3ECE-4C98-89BC-F79809AB4A5E}.Release|x64.Build.0 = Release|Any CPU
		{EBAE658A-3ECE-4C98-89BC-F79809AB4A5E}.Release|x86.ActiveCfg = Release|Any CPU
		{EBAE658A-3ECE-4C98-89BC-F79809AB4A5E}.Release|x86.Build.0 = Release|Any CPU
		{EBAE658A-3ECE-4C98-89BC-F79809AB4A5E}.ReleaseWithoutCEF|Any CPU.ActiveCfg = Release|Any CPU
		{EBAE658A-3ECE-4C98-89BC-F79809AB4A5E}.ReleaseWithoutCEF|Any CPU.Build.0 = Release|Any CPU
		{EBAE658A-3ECE-4C98-89BC-F79809AB4A5E}.ReleaseWithoutCEF|x64.ActiveCfg = Release|Any CPU
		{EBAE658A-3ECE-4C98-89BC-F79809AB4A5E}.ReleaseWithoutCEF|x64.Build.0 = Release|Any CPU
		{EBAE658A-3ECE-4C98-89BC-F79809AB4A5E}.ReleaseWithoutCEF|x86.ActiveCfg = Release|Any CPU
		{EBAE658A-3ECE-4C98-89BC-F79809AB4A5E}.ReleaseWithoutCEF|x86.Build.0 = Release|Any CPU
		{967E60E3-D668-42A3-AA0B-1A031C20D871}.Debug|Any CPU.ActiveCfg = Debug|Any CPU
		{967E60E3-D668-42A3-AA0B-1A031C20D871}.Debug|Any CPU.Build.0 = Debug|Any CPU
		{967E60E3-D668-42A3-AA0B-1A031C20D871}.Debug|x64.ActiveCfg = Debug|Any CPU
		{967E60E3-D668-42A3-AA0B-1A031C20D871}.Debug|x64.Build.0 = Debug|Any CPU
		{967E60E3-D668-42A3-AA0B-1A031C20D871}.Debug|x86.ActiveCfg = Debug|Any CPU
		{967E60E3-D668-42A3-AA0B-1A031C20D871}.Debug|x86.Build.0 = Debug|Any CPU
		{967E60E3-D668-42A3-AA0B-1A031C20D871}.DebugWithoutCEF|Any CPU.ActiveCfg = Debug|Any CPU
		{967E60E3-D668-42A3-AA0B-1A031C20D871}.DebugWithoutCEF|Any CPU.Build.0 = Debug|Any CPU
		{967E60E3-D668-42A3-AA0B-1A031C20D871}.DebugWithoutCEF|x64.ActiveCfg = Debug|Any CPU
		{967E60E3-D668-42A3-AA0B-1A031C20D871}.DebugWithoutCEF|x64.Build.0 = Debug|Any CPU
		{967E60E3-D668-42A3-AA0B-1A031C20D871}.DebugWithoutCEF|x86.ActiveCfg = Debug|Any CPU
		{967E60E3-D668-42A3-AA0B-1A031C20D871}.DebugWithoutCEF|x86.Build.0 = Debug|Any CPU
		{967E60E3-D668-42A3-AA0B-1A031C20D871}.Release|Any CPU.ActiveCfg = Release|Any CPU
		{967E60E3-D668-42A3-AA0B-1A031C20D871}.Release|Any CPU.Build.0 = Release|Any CPU
		{967E60E3-D668-42A3-AA0B-1A031C20D871}.Release|x64.ActiveCfg = Release|Any CPU
		{967E60E3-D668-42A3-AA0B-1A031C20D871}.Release|x64.Build.0 = Release|Any CPU
		{967E60E3-D668-42A3-AA0B-1A031C20D871}.Release|x86.ActiveCfg = Release|Any CPU
		{967E60E3-D668-42A3-AA0B-1A031C20D871}.Release|x86.Build.0 = Release|Any CPU
		{967E60E3-D668-42A3-AA0B-1A031C20D871}.ReleaseWithoutCEF|Any CPU.ActiveCfg = Release|Any CPU
		{967E60E3-D668-42A3-AA0B-1A031C20D871}.ReleaseWithoutCEF|Any CPU.Build.0 = Release|Any CPU
		{967E60E3-D668-42A3-AA0B-1A031C20D871}.ReleaseWithoutCEF|x64.ActiveCfg = Release|Any CPU
		{967E60E3-D668-42A3-AA0B-1A031C20D871}.ReleaseWithoutCEF|x64.Build.0 = Release|Any CPU
		{967E60E3-D668-42A3-AA0B-1A031C20D871}.ReleaseWithoutCEF|x86.ActiveCfg = Release|Any CPU
		{967E60E3-D668-42A3-AA0B-1A031C20D871}.ReleaseWithoutCEF|x86.Build.0 = Release|Any CPU
		{6C45112D-B7F0-4463-BE6D-A8A2B5A547BF}.Debug|Any CPU.ActiveCfg = Debug|Any CPU
		{6C45112D-B7F0-4463-BE6D-A8A2B5A547BF}.Debug|Any CPU.Build.0 = Debug|Any CPU
		{6C45112D-B7F0-4463-BE6D-A8A2B5A547BF}.Debug|x64.ActiveCfg = Debug|Any CPU
		{6C45112D-B7F0-4463-BE6D-A8A2B5A547BF}.Debug|x64.Build.0 = Debug|Any CPU
		{6C45112D-B7F0-4463-BE6D-A8A2B5A547BF}.Debug|x86.ActiveCfg = Debug|Any CPU
		{6C45112D-B7F0-4463-BE6D-A8A2B5A547BF}.Debug|x86.Build.0 = Debug|Any CPU
		{6C45112D-B7F0-4463-BE6D-A8A2B5A547BF}.DebugWithoutCEF|Any CPU.ActiveCfg = Debug|Any CPU
		{6C45112D-B7F0-4463-BE6D-A8A2B5A547BF}.DebugWithoutCEF|Any CPU.Build.0 = Debug|Any CPU
		{6C45112D-B7F0-4463-BE6D-A8A2B5A547BF}.DebugWithoutCEF|x64.ActiveCfg = Debug|Any CPU
		{6C45112D-B7F0-4463-BE6D-A8A2B5A547BF}.DebugWithoutCEF|x64.Build.0 = Debug|Any CPU
		{6C45112D-B7F0-4463-BE6D-A8A2B5A547BF}.DebugWithoutCEF|x86.ActiveCfg = Debug|Any CPU
		{6C45112D-B7F0-4463-BE6D-A8A2B5A547BF}.DebugWithoutCEF|x86.Build.0 = Debug|Any CPU
		{6C45112D-B7F0-4463-BE6D-A8A2B5A547BF}.Release|Any CPU.ActiveCfg = Release|Any CPU
		{6C45112D-B7F0-4463-BE6D-A8A2B5A547BF}.Release|Any CPU.Build.0 = Release|Any CPU
		{6C45112D-B7F0-4463-BE6D-A8A2B5A547BF}.Release|x64.ActiveCfg = Release|Any CPU
		{6C45112D-B7F0-4463-BE6D-A8A2B5A547BF}.Release|x64.Build.0 = Release|Any CPU
		{6C45112D-B7F0-4463-BE6D-A8A2B5A547BF}.Release|x86.ActiveCfg = Release|Any CPU
		{6C45112D-B7F0-4463-BE6D-A8A2B5A547BF}.Release|x86.Build.0 = Release|Any CPU
		{6C45112D-B7F0-4463-BE6D-A8A2B5A547BF}.ReleaseWithoutCEF|Any CPU.ActiveCfg = Release|Any CPU
		{6C45112D-B7F0-4463-BE6D-A8A2B5A547BF}.ReleaseWithoutCEF|Any CPU.Build.0 = Release|Any CPU
		{6C45112D-B7F0-4463-BE6D-A8A2B5A547BF}.ReleaseWithoutCEF|x64.ActiveCfg = Release|Any CPU
		{6C45112D-B7F0-4463-BE6D-A8A2B5A547BF}.ReleaseWithoutCEF|x64.Build.0 = Release|Any CPU
		{6C45112D-B7F0-4463-BE6D-A8A2B5A547BF}.ReleaseWithoutCEF|x86.ActiveCfg = Release|Any CPU
		{6C45112D-B7F0-4463-BE6D-A8A2B5A547BF}.ReleaseWithoutCEF|x86.Build.0 = Release|Any CPU
		{5A05DF78-216B-4A0B-9E30-7B2557C7E867}.Debug|Any CPU.ActiveCfg = Debug|Any CPU
		{5A05DF78-216B-4A0B-9E30-7B2557C7E867}.Debug|Any CPU.Build.0 = Debug|Any CPU
		{5A05DF78-216B-4A0B-9E30-7B2557C7E867}.Debug|x64.ActiveCfg = Debug|Any CPU
		{5A05DF78-216B-4A0B-9E30-7B2557C7E867}.Debug|x64.Build.0 = Debug|Any CPU
		{5A05DF78-216B-4A0B-9E30-7B2557C7E867}.Debug|x86.ActiveCfg = Debug|Any CPU
		{5A05DF78-216B-4A0B-9E30-7B2557C7E867}.Debug|x86.Build.0 = Debug|Any CPU
		{5A05DF78-216B-4A0B-9E30-7B2557C7E867}.DebugWithoutCEF|Any CPU.ActiveCfg = Debug|Any CPU
		{5A05DF78-216B-4A0B-9E30-7B2557C7E867}.DebugWithoutCEF|Any CPU.Build.0 = Debug|Any CPU
		{5A05DF78-216B-4A0B-9E30-7B2557C7E867}.DebugWithoutCEF|x64.ActiveCfg = Debug|Any CPU
		{5A05DF78-216B-4A0B-9E30-7B2557C7E867}.DebugWithoutCEF|x64.Build.0 = Debug|Any CPU
		{5A05DF78-216B-4A0B-9E30-7B2557C7E867}.DebugWithoutCEF|x86.ActiveCfg = Debug|Any CPU
		{5A05DF78-216B-4A0B-9E30-7B2557C7E867}.DebugWithoutCEF|x86.Build.0 = Debug|Any CPU
		{5A05DF78-216B-4A0B-9E30-7B2557C7E867}.Release|Any CPU.ActiveCfg = Release|Any CPU
		{5A05DF78-216B-4A0B-9E30-7B2557C7E867}.Release|Any CPU.Build.0 = Release|Any CPU
		{5A05DF78-216B-4A0B-9E30-7B2557C7E867}.Release|x64.ActiveCfg = Release|Any CPU
		{5A05DF78-216B-4A0B-9E30-7B2557C7E867}.Release|x64.Build.0 = Release|Any CPU
		{5A05DF78-216B-4A0B-9E30-7B2557C7E867}.Release|x86.ActiveCfg = Release|Any CPU
		{5A05DF78-216B-4A0B-9E30-7B2557C7E867}.Release|x86.Build.0 = Release|Any CPU
		{5A05DF78-216B-4A0B-9E30-7B2557C7E867}.ReleaseWithoutCEF|Any CPU.ActiveCfg = Release|Any CPU
		{5A05DF78-216B-4A0B-9E30-7B2557C7E867}.ReleaseWithoutCEF|Any CPU.Build.0 = Release|Any CPU
		{5A05DF78-216B-4A0B-9E30-7B2557C7E867}.ReleaseWithoutCEF|x64.ActiveCfg = Release|Any CPU
		{5A05DF78-216B-4A0B-9E30-7B2557C7E867}.ReleaseWithoutCEF|x64.Build.0 = Release|Any CPU
		{5A05DF78-216B-4A0B-9E30-7B2557C7E867}.ReleaseWithoutCEF|x86.ActiveCfg = Release|Any CPU
		{5A05DF78-216B-4A0B-9E30-7B2557C7E867}.ReleaseWithoutCEF|x86.Build.0 = Release|Any CPU
		{7B8F763F-39FE-4947-B0E6-B9D97A3B6F8B}.Debug|Any CPU.ActiveCfg = Debug|Any CPU
		{7B8F763F-39FE-4947-B0E6-B9D97A3B6F8B}.Debug|Any CPU.Build.0 = Debug|Any CPU
		{7B8F763F-39FE-4947-B0E6-B9D97A3B6F8B}.Debug|x64.ActiveCfg = Debug|Any CPU
		{7B8F763F-39FE-4947-B0E6-B9D97A3B6F8B}.Debug|x64.Build.0 = Debug|Any CPU
		{7B8F763F-39FE-4947-B0E6-B9D97A3B6F8B}.Debug|x86.ActiveCfg = Debug|Any CPU
		{7B8F763F-39FE-4947-B0E6-B9D97A3B6F8B}.Debug|x86.Build.0 = Debug|Any CPU
		{7B8F763F-39FE-4947-B0E6-B9D97A3B6F8B}.DebugWithoutCEF|Any CPU.ActiveCfg = Debug|Any CPU
		{7B8F763F-39FE-4947-B0E6-B9D97A3B6F8B}.DebugWithoutCEF|Any CPU.Build.0 = Debug|Any CPU
		{7B8F763F-39FE-4947-B0E6-B9D97A3B6F8B}.DebugWithoutCEF|x64.ActiveCfg = Debug|Any CPU
		{7B8F763F-39FE-4947-B0E6-B9D97A3B6F8B}.DebugWithoutCEF|x64.Build.0 = Debug|Any CPU
		{7B8F763F-39FE-4947-B0E6-B9D97A3B6F8B}.DebugWithoutCEF|x86.ActiveCfg = Debug|Any CPU
		{7B8F763F-39FE-4947-B0E6-B9D97A3B6F8B}.DebugWithoutCEF|x86.Build.0 = Debug|Any CPU
		{7B8F763F-39FE-4947-B0E6-B9D97A3B6F8B}.Release|Any CPU.ActiveCfg = Release|Any CPU
		{7B8F763F-39FE-4947-B0E6-B9D97A3B6F8B}.Release|Any CPU.Build.0 = Release|Any CPU
		{7B8F763F-39FE-4947-B0E6-B9D97A3B6F8B}.Release|x64.ActiveCfg = Release|Any CPU
		{7B8F763F-39FE-4947-B0E6-B9D97A3B6F8B}.Release|x64.Build.0 = Release|Any CPU
		{7B8F763F-39FE-4947-B0E6-B9D97A3B6F8B}.Release|x86.ActiveCfg = Release|Any CPU
		{7B8F763F-39FE-4947-B0E6-B9D97A3B6F8B}.Release|x86.Build.0 = Release|Any CPU
		{7B8F763F-39FE-4947-B0E6-B9D97A3B6F8B}.ReleaseWithoutCEF|Any CPU.ActiveCfg = Release|Any CPU
		{7B8F763F-39FE-4947-B0E6-B9D97A3B6F8B}.ReleaseWithoutCEF|Any CPU.Build.0 = Release|Any CPU
		{7B8F763F-39FE-4947-B0E6-B9D97A3B6F8B}.ReleaseWithoutCEF|x64.ActiveCfg = Release|Any CPU
		{7B8F763F-39FE-4947-B0E6-B9D97A3B6F8B}.ReleaseWithoutCEF|x64.Build.0 = Release|Any CPU
		{7B8F763F-39FE-4947-B0E6-B9D97A3B6F8B}.ReleaseWithoutCEF|x86.ActiveCfg = Release|Any CPU
		{7B8F763F-39FE-4947-B0E6-B9D97A3B6F8B}.ReleaseWithoutCEF|x86.Build.0 = Release|Any CPU
		{6D1A03B2-EBA7-4CE2-9237-DF9AD7128947}.Debug|Any CPU.ActiveCfg = Debug|Any CPU
		{6D1A03B2-EBA7-4CE2-9237-DF9AD7128947}.Debug|Any CPU.Build.0 = Debug|Any CPU
		{6D1A03B2-EBA7-4CE2-9237-DF9AD7128947}.Debug|x64.ActiveCfg = Debug|Any CPU
		{6D1A03B2-EBA7-4CE2-9237-DF9AD7128947}.Debug|x64.Build.0 = Debug|Any CPU
		{6D1A03B2-EBA7-4CE2-9237-DF9AD7128947}.Debug|x86.ActiveCfg = Debug|Any CPU
		{6D1A03B2-EBA7-4CE2-9237-DF9AD7128947}.Debug|x86.Build.0 = Debug|Any CPU
		{6D1A03B2-EBA7-4CE2-9237-DF9AD7128947}.DebugWithoutCEF|Any CPU.ActiveCfg = Debug|Any CPU
		{6D1A03B2-EBA7-4CE2-9237-DF9AD7128947}.DebugWithoutCEF|Any CPU.Build.0 = Debug|Any CPU
		{6D1A03B2-EBA7-4CE2-9237-DF9AD7128947}.DebugWithoutCEF|x64.ActiveCfg = Debug|Any CPU
		{6D1A03B2-EBA7-4CE2-9237-DF9AD7128947}.DebugWithoutCEF|x64.Build.0 = Debug|Any CPU
		{6D1A03B2-EBA7-4CE2-9237-DF9AD7128947}.DebugWithoutCEF|x86.ActiveCfg = Debug|Any CPU
		{6D1A03B2-EBA7-4CE2-9237-DF9AD7128947}.DebugWithoutCEF|x86.Build.0 = Debug|Any CPU
		{6D1A03B2-EBA7-4CE2-9237-DF9AD7128947}.Release|Any CPU.ActiveCfg = Release|Any CPU
		{6D1A03B2-EBA7-4CE2-9237-DF9AD7128947}.Release|Any CPU.Build.0 = Release|Any CPU
		{6D1A03B2-EBA7-4CE2-9237-DF9AD7128947}.Release|x64.ActiveCfg = Release|Any CPU
		{6D1A03B2-EBA7-4CE2-9237-DF9AD7128947}.Release|x64.Build.0 = Release|Any CPU
		{6D1A03B2-EBA7-4CE2-9237-DF9AD7128947}.Release|x86.ActiveCfg = Release|Any CPU
		{6D1A03B2-EBA7-4CE2-9237-DF9AD7128947}.Release|x86.Build.0 = Release|Any CPU
		{6D1A03B2-EBA7-4CE2-9237-DF9AD7128947}.ReleaseWithoutCEF|Any CPU.ActiveCfg = Release|Any CPU
		{6D1A03B2-EBA7-4CE2-9237-DF9AD7128947}.ReleaseWithoutCEF|Any CPU.Build.0 = Release|Any CPU
		{6D1A03B2-EBA7-4CE2-9237-DF9AD7128947}.ReleaseWithoutCEF|x64.ActiveCfg = Release|Any CPU
		{6D1A03B2-EBA7-4CE2-9237-DF9AD7128947}.ReleaseWithoutCEF|x64.Build.0 = Release|Any CPU
		{6D1A03B2-EBA7-4CE2-9237-DF9AD7128947}.ReleaseWithoutCEF|x86.ActiveCfg = Release|Any CPU
		{6D1A03B2-EBA7-4CE2-9237-DF9AD7128947}.ReleaseWithoutCEF|x86.Build.0 = Release|Any CPU
		{042305D7-DB68-4D02-B08F-ED47BBCD705E}.Debug|Any CPU.ActiveCfg = Debug|Any CPU
		{042305D7-DB68-4D02-B08F-ED47BBCD705E}.Debug|Any CPU.Build.0 = Debug|Any CPU
		{042305D7-DB68-4D02-B08F-ED47BBCD705E}.Debug|x64.ActiveCfg = Debug|Any CPU
		{042305D7-DB68-4D02-B08F-ED47BBCD705E}.Debug|x64.Build.0 = Debug|Any CPU
		{042305D7-DB68-4D02-B08F-ED47BBCD705E}.Debug|x86.ActiveCfg = Debug|Any CPU
		{042305D7-DB68-4D02-B08F-ED47BBCD705E}.Debug|x86.Build.0 = Debug|Any CPU
		{042305D7-DB68-4D02-B08F-ED47BBCD705E}.DebugWithoutCEF|Any CPU.ActiveCfg = Debug|Any CPU
		{042305D7-DB68-4D02-B08F-ED47BBCD705E}.DebugWithoutCEF|Any CPU.Build.0 = Debug|Any CPU
		{042305D7-DB68-4D02-B08F-ED47BBCD705E}.DebugWithoutCEF|x64.ActiveCfg = Debug|Any CPU
		{042305D7-DB68-4D02-B08F-ED47BBCD705E}.DebugWithoutCEF|x64.Build.0 = Debug|Any CPU
		{042305D7-DB68-4D02-B08F-ED47BBCD705E}.DebugWithoutCEF|x86.ActiveCfg = Debug|Any CPU
		{042305D7-DB68-4D02-B08F-ED47BBCD705E}.DebugWithoutCEF|x86.Build.0 = Debug|Any CPU
		{042305D7-DB68-4D02-B08F-ED47BBCD705E}.Release|Any CPU.ActiveCfg = Release|Any CPU
		{042305D7-DB68-4D02-B08F-ED47BBCD705E}.Release|Any CPU.Build.0 = Release|Any CPU
		{042305D7-DB68-4D02-B08F-ED47BBCD705E}.Release|x64.ActiveCfg = Release|Any CPU
		{042305D7-DB68-4D02-B08F-ED47BBCD705E}.Release|x64.Build.0 = Release|Any CPU
		{042305D7-DB68-4D02-B08F-ED47BBCD705E}.Release|x86.ActiveCfg = Release|Any CPU
		{042305D7-DB68-4D02-B08F-ED47BBCD705E}.Release|x86.Build.0 = Release|Any CPU
		{042305D7-DB68-4D02-B08F-ED47BBCD705E}.ReleaseWithoutCEF|Any CPU.ActiveCfg = Release|Any CPU
		{042305D7-DB68-4D02-B08F-ED47BBCD705E}.ReleaseWithoutCEF|Any CPU.Build.0 = Release|Any CPU
		{042305D7-DB68-4D02-B08F-ED47BBCD705E}.ReleaseWithoutCEF|x64.ActiveCfg = Release|Any CPU
		{042305D7-DB68-4D02-B08F-ED47BBCD705E}.ReleaseWithoutCEF|x64.Build.0 = Release|Any CPU
		{042305D7-DB68-4D02-B08F-ED47BBCD705E}.ReleaseWithoutCEF|x86.ActiveCfg = Release|Any CPU
		{042305D7-DB68-4D02-B08F-ED47BBCD705E}.ReleaseWithoutCEF|x86.Build.0 = Release|Any CPU
		{7DFE2ECB-37C5-4697-8D8C-050ECAFCF553}.Debug|Any CPU.ActiveCfg = Debug|Any CPU
		{7DFE2ECB-37C5-4697-8D8C-050ECAFCF553}.Debug|Any CPU.Build.0 = Debug|Any CPU
		{7DFE2ECB-37C5-4697-8D8C-050ECAFCF553}.Debug|x64.ActiveCfg = Debug|Any CPU
		{7DFE2ECB-37C5-4697-8D8C-050ECAFCF553}.Debug|x64.Build.0 = Debug|Any CPU
		{7DFE2ECB-37C5-4697-8D8C-050ECAFCF553}.Debug|x86.ActiveCfg = Debug|Any CPU
		{7DFE2ECB-37C5-4697-8D8C-050ECAFCF553}.Debug|x86.Build.0 = Debug|Any CPU
		{7DFE2ECB-37C5-4697-8D8C-050ECAFCF553}.DebugWithoutCEF|Any CPU.ActiveCfg = Debug|Any CPU
		{7DFE2ECB-37C5-4697-8D8C-050ECAFCF553}.DebugWithoutCEF|Any CPU.Build.0 = Debug|Any CPU
		{7DFE2ECB-37C5-4697-8D8C-050ECAFCF553}.DebugWithoutCEF|x64.ActiveCfg = Debug|Any CPU
		{7DFE2ECB-37C5-4697-8D8C-050ECAFCF553}.DebugWithoutCEF|x64.Build.0 = Debug|Any CPU
		{7DFE2ECB-37C5-4697-8D8C-050ECAFCF553}.DebugWithoutCEF|x86.ActiveCfg = Debug|Any CPU
		{7DFE2ECB-37C5-4697-8D8C-050ECAFCF553}.DebugWithoutCEF|x86.Build.0 = Debug|Any CPU
		{7DFE2ECB-37C5-4697-8D8C-050ECAFCF553}.Release|Any CPU.ActiveCfg = Release|Any CPU
		{7DFE2ECB-37C5-4697-8D8C-050ECAFCF553}.Release|Any CPU.Build.0 = Release|Any CPU
		{7DFE2ECB-37C5-4697-8D8C-050ECAFCF553}.Release|x64.ActiveCfg = Release|Any CPU
		{7DFE2ECB-37C5-4697-8D8C-050ECAFCF553}.Release|x64.Build.0 = Release|Any CPU
		{7DFE2ECB-37C5-4697-8D8C-050ECAFCF553}.Release|x86.ActiveCfg = Release|Any CPU
		{7DFE2ECB-37C5-4697-8D8C-050ECAFCF553}.Release|x86.Build.0 = Release|Any CPU
		{7DFE2ECB-37C5-4697-8D8C-050ECAFCF553}.ReleaseWithoutCEF|Any CPU.ActiveCfg = Release|Any CPU
		{7DFE2ECB-37C5-4697-8D8C-050ECAFCF553}.ReleaseWithoutCEF|Any CPU.Build.0 = Release|Any CPU
		{7DFE2ECB-37C5-4697-8D8C-050ECAFCF553}.ReleaseWithoutCEF|x64.ActiveCfg = Release|Any CPU
		{7DFE2ECB-37C5-4697-8D8C-050ECAFCF553}.ReleaseWithoutCEF|x64.Build.0 = Release|Any CPU
		{7DFE2ECB-37C5-4697-8D8C-050ECAFCF553}.ReleaseWithoutCEF|x86.ActiveCfg = Release|Any CPU
		{7DFE2ECB-37C5-4697-8D8C-050ECAFCF553}.ReleaseWithoutCEF|x86.Build.0 = Release|Any CPU
		{9E14C360-2DBC-46AE-90A5-6171ABA9CFDB}.Debug|Any CPU.ActiveCfg = Debug|Any CPU
		{9E14C360-2DBC-46AE-90A5-6171ABA9CFDB}.Debug|Any CPU.Build.0 = Debug|Any CPU
		{9E14C360-2DBC-46AE-90A5-6171ABA9CFDB}.Debug|x64.ActiveCfg = Debug|Any CPU
		{9E14C360-2DBC-46AE-90A5-6171ABA9CFDB}.Debug|x64.Build.0 = Debug|Any CPU
		{9E14C360-2DBC-46AE-90A5-6171ABA9CFDB}.Debug|x86.ActiveCfg = Debug|Any CPU
		{9E14C360-2DBC-46AE-90A5-6171ABA9CFDB}.Debug|x86.Build.0 = Debug|Any CPU
		{9E14C360-2DBC-46AE-90A5-6171ABA9CFDB}.DebugWithoutCEF|Any CPU.ActiveCfg = Debug|Any CPU
		{9E14C360-2DBC-46AE-90A5-6171ABA9CFDB}.DebugWithoutCEF|Any CPU.Build.0 = Debug|Any CPU
		{9E14C360-2DBC-46AE-90A5-6171ABA9CFDB}.DebugWithoutCEF|x64.ActiveCfg = Debug|Any CPU
		{9E14C360-2DBC-46AE-90A5-6171ABA9CFDB}.DebugWithoutCEF|x64.Build.0 = Debug|Any CPU
		{9E14C360-2DBC-46AE-90A5-6171ABA9CFDB}.DebugWithoutCEF|x86.ActiveCfg = Debug|Any CPU
		{9E14C360-2DBC-46AE-90A5-6171ABA9CFDB}.DebugWithoutCEF|x86.Build.0 = Debug|Any CPU
		{9E14C360-2DBC-46AE-90A5-6171ABA9CFDB}.Release|Any CPU.ActiveCfg = Release|Any CPU
		{9E14C360-2DBC-46AE-90A5-6171ABA9CFDB}.Release|Any CPU.Build.0 = Release|Any CPU
		{9E14C360-2DBC-46AE-90A5-6171ABA9CFDB}.Release|x64.ActiveCfg = Release|Any CPU
		{9E14C360-2DBC-46AE-90A5-6171ABA9CFDB}.Release|x64.Build.0 = Release|Any CPU
		{9E14C360-2DBC-46AE-90A5-6171ABA9CFDB}.Release|x86.ActiveCfg = Release|Any CPU
		{9E14C360-2DBC-46AE-90A5-6171ABA9CFDB}.Release|x86.Build.0 = Release|Any CPU
		{9E14C360-2DBC-46AE-90A5-6171ABA9CFDB}.ReleaseWithoutCEF|Any CPU.ActiveCfg = Release|Any CPU
		{9E14C360-2DBC-46AE-90A5-6171ABA9CFDB}.ReleaseWithoutCEF|Any CPU.Build.0 = Release|Any CPU
		{9E14C360-2DBC-46AE-90A5-6171ABA9CFDB}.ReleaseWithoutCEF|x64.ActiveCfg = Release|Any CPU
		{9E14C360-2DBC-46AE-90A5-6171ABA9CFDB}.ReleaseWithoutCEF|x64.Build.0 = Release|Any CPU
		{9E14C360-2DBC-46AE-90A5-6171ABA9CFDB}.ReleaseWithoutCEF|x86.ActiveCfg = Release|Any CPU
		{9E14C360-2DBC-46AE-90A5-6171ABA9CFDB}.ReleaseWithoutCEF|x86.Build.0 = Release|Any CPU
		{A8583F61-E5D8-44A0-98E3-A795578BE3F0}.Debug|Any CPU.ActiveCfg = Debug|Any CPU
		{A8583F61-E5D8-44A0-98E3-A795578BE3F0}.Debug|Any CPU.Build.0 = Debug|Any CPU
		{A8583F61-E5D8-44A0-98E3-A795578BE3F0}.Debug|x64.ActiveCfg = Debug|Any CPU
		{A8583F61-E5D8-44A0-98E3-A795578BE3F0}.Debug|x64.Build.0 = Debug|Any CPU
		{A8583F61-E5D8-44A0-98E3-A795578BE3F0}.Debug|x86.ActiveCfg = Debug|Any CPU
		{A8583F61-E5D8-44A0-98E3-A795578BE3F0}.Debug|x86.Build.0 = Debug|Any CPU
		{A8583F61-E5D8-44A0-98E3-A795578BE3F0}.DebugWithoutCEF|Any CPU.ActiveCfg = Debug|Any CPU
		{A8583F61-E5D8-44A0-98E3-A795578BE3F0}.DebugWithoutCEF|Any CPU.Build.0 = Debug|Any CPU
		{A8583F61-E5D8-44A0-98E3-A795578BE3F0}.DebugWithoutCEF|x64.ActiveCfg = Debug|Any CPU
		{A8583F61-E5D8-44A0-98E3-A795578BE3F0}.DebugWithoutCEF|x64.Build.0 = Debug|Any CPU
		{A8583F61-E5D8-44A0-98E3-A795578BE3F0}.DebugWithoutCEF|x86.ActiveCfg = Debug|Any CPU
		{A8583F61-E5D8-44A0-98E3-A795578BE3F0}.DebugWithoutCEF|x86.Build.0 = Debug|Any CPU
		{A8583F61-E5D8-44A0-98E3-A795578BE3F0}.Release|Any CPU.ActiveCfg = Release|Any CPU
		{A8583F61-E5D8-44A0-98E3-A795578BE3F0}.Release|Any CPU.Build.0 = Release|Any CPU
		{A8583F61-E5D8-44A0-98E3-A795578BE3F0}.Release|x64.ActiveCfg = Release|Any CPU
		{A8583F61-E5D8-44A0-98E3-A795578BE3F0}.Release|x64.Build.0 = Release|Any CPU
		{A8583F61-E5D8-44A0-98E3-A795578BE3F0}.Release|x86.ActiveCfg = Release|Any CPU
		{A8583F61-E5D8-44A0-98E3-A795578BE3F0}.Release|x86.Build.0 = Release|Any CPU
		{A8583F61-E5D8-44A0-98E3-A795578BE3F0}.ReleaseWithoutCEF|Any CPU.ActiveCfg = Release|Any CPU
		{A8583F61-E5D8-44A0-98E3-A795578BE3F0}.ReleaseWithoutCEF|Any CPU.Build.0 = Release|Any CPU
		{A8583F61-E5D8-44A0-98E3-A795578BE3F0}.ReleaseWithoutCEF|x64.ActiveCfg = Release|Any CPU
		{A8583F61-E5D8-44A0-98E3-A795578BE3F0}.ReleaseWithoutCEF|x64.Build.0 = Release|Any CPU
		{A8583F61-E5D8-44A0-98E3-A795578BE3F0}.ReleaseWithoutCEF|x86.ActiveCfg = Release|Any CPU
		{A8583F61-E5D8-44A0-98E3-A795578BE3F0}.ReleaseWithoutCEF|x86.Build.0 = Release|Any CPU
		{00CDE8B2-EBF3-4ECC-B533-D2270693828F}.Debug|Any CPU.ActiveCfg = Debug|Any CPU
		{00CDE8B2-EBF3-4ECC-B533-D2270693828F}.Debug|Any CPU.Build.0 = Debug|Any CPU
		{00CDE8B2-EBF3-4ECC-B533-D2270693828F}.Debug|x64.ActiveCfg = Debug|Any CPU
		{00CDE8B2-EBF3-4ECC-B533-D2270693828F}.Debug|x64.Build.0 = Debug|Any CPU
		{00CDE8B2-EBF3-4ECC-B533-D2270693828F}.Debug|x86.ActiveCfg = Debug|Any CPU
		{00CDE8B2-EBF3-4ECC-B533-D2270693828F}.Debug|x86.Build.0 = Debug|Any CPU
		{00CDE8B2-EBF3-4ECC-B533-D2270693828F}.DebugWithoutCEF|Any CPU.ActiveCfg = Debug|Any CPU
		{00CDE8B2-EBF3-4ECC-B533-D2270693828F}.DebugWithoutCEF|Any CPU.Build.0 = Debug|Any CPU
		{00CDE8B2-EBF3-4ECC-B533-D2270693828F}.DebugWithoutCEF|x64.ActiveCfg = Debug|Any CPU
		{00CDE8B2-EBF3-4ECC-B533-D2270693828F}.DebugWithoutCEF|x64.Build.0 = Debug|Any CPU
		{00CDE8B2-EBF3-4ECC-B533-D2270693828F}.DebugWithoutCEF|x86.ActiveCfg = Debug|Any CPU
		{00CDE8B2-EBF3-4ECC-B533-D2270693828F}.DebugWithoutCEF|x86.Build.0 = Debug|Any CPU
		{00CDE8B2-EBF3-4ECC-B533-D2270693828F}.Release|Any CPU.ActiveCfg = Release|Any CPU
		{00CDE8B2-EBF3-4ECC-B533-D2270693828F}.Release|Any CPU.Build.0 = Release|Any CPU
		{00CDE8B2-EBF3-4ECC-B533-D2270693828F}.Release|x64.ActiveCfg = Release|Any CPU
		{00CDE8B2-EBF3-4ECC-B533-D2270693828F}.Release|x64.Build.0 = Release|Any CPU
		{00CDE8B2-EBF3-4ECC-B533-D2270693828F}.Release|x86.ActiveCfg = Release|Any CPU
		{00CDE8B2-EBF3-4ECC-B533-D2270693828F}.Release|x86.Build.0 = Release|Any CPU
		{00CDE8B2-EBF3-4ECC-B533-D2270693828F}.ReleaseWithoutCEF|Any CPU.ActiveCfg = Release|Any CPU
		{00CDE8B2-EBF3-4ECC-B533-D2270693828F}.ReleaseWithoutCEF|Any CPU.Build.0 = Release|Any CPU
		{00CDE8B2-EBF3-4ECC-B533-D2270693828F}.ReleaseWithoutCEF|x64.ActiveCfg = Release|Any CPU
		{00CDE8B2-EBF3-4ECC-B533-D2270693828F}.ReleaseWithoutCEF|x64.Build.0 = Release|Any CPU
		{00CDE8B2-EBF3-4ECC-B533-D2270693828F}.ReleaseWithoutCEF|x86.ActiveCfg = Release|Any CPU
		{00CDE8B2-EBF3-4ECC-B533-D2270693828F}.ReleaseWithoutCEF|x86.Build.0 = Release|Any CPU
		{E3AB36EA-E98A-4CC2-BC18-1D0E40EEAE1A}.Debug|Any CPU.ActiveCfg = Debug|Any CPU
		{E3AB36EA-E98A-4CC2-BC18-1D0E40EEAE1A}.Debug|Any CPU.Build.0 = Debug|Any CPU
		{E3AB36EA-E98A-4CC2-BC18-1D0E40EEAE1A}.Debug|x64.ActiveCfg = Debug|Any CPU
		{E3AB36EA-E98A-4CC2-BC18-1D0E40EEAE1A}.Debug|x64.Build.0 = Debug|Any CPU
		{E3AB36EA-E98A-4CC2-BC18-1D0E40EEAE1A}.Debug|x86.ActiveCfg = Debug|Any CPU
		{E3AB36EA-E98A-4CC2-BC18-1D0E40EEAE1A}.Debug|x86.Build.0 = Debug|Any CPU
		{E3AB36EA-E98A-4CC2-BC18-1D0E40EEAE1A}.DebugWithoutCEF|Any CPU.ActiveCfg = Debug|Any CPU
		{E3AB36EA-E98A-4CC2-BC18-1D0E40EEAE1A}.DebugWithoutCEF|Any CPU.Build.0 = Debug|Any CPU
		{E3AB36EA-E98A-4CC2-BC18-1D0E40EEAE1A}.DebugWithoutCEF|x64.ActiveCfg = Debug|Any CPU
		{E3AB36EA-E98A-4CC2-BC18-1D0E40EEAE1A}.DebugWithoutCEF|x64.Build.0 = Debug|Any CPU
		{E3AB36EA-E98A-4CC2-BC18-1D0E40EEAE1A}.DebugWithoutCEF|x86.ActiveCfg = Debug|Any CPU
		{E3AB36EA-E98A-4CC2-BC18-1D0E40EEAE1A}.DebugWithoutCEF|x86.Build.0 = Debug|Any CPU
		{E3AB36EA-E98A-4CC2-BC18-1D0E40EEAE1A}.Release|Any CPU.ActiveCfg = Release|Any CPU
		{E3AB36EA-E98A-4CC2-BC18-1D0E40EEAE1A}.Release|Any CPU.Build.0 = Release|Any CPU
		{E3AB36EA-E98A-4CC2-BC18-1D0E40EEAE1A}.Release|x64.ActiveCfg = Release|Any CPU
		{E3AB36EA-E98A-4CC2-BC18-1D0E40EEAE1A}.Release|x64.Build.0 = Release|Any CPU
		{E3AB36EA-E98A-4CC2-BC18-1D0E40EEAE1A}.Release|x86.ActiveCfg = Release|Any CPU
		{E3AB36EA-E98A-4CC2-BC18-1D0E40EEAE1A}.Release|x86.Build.0 = Release|Any CPU
		{E3AB36EA-E98A-4CC2-BC18-1D0E40EEAE1A}.ReleaseWithoutCEF|Any CPU.ActiveCfg = Release|Any CPU
		{E3AB36EA-E98A-4CC2-BC18-1D0E40EEAE1A}.ReleaseWithoutCEF|Any CPU.Build.0 = Release|Any CPU
		{E3AB36EA-E98A-4CC2-BC18-1D0E40EEAE1A}.ReleaseWithoutCEF|x64.ActiveCfg = Release|Any CPU
		{E3AB36EA-E98A-4CC2-BC18-1D0E40EEAE1A}.ReleaseWithoutCEF|x64.Build.0 = Release|Any CPU
		{E3AB36EA-E98A-4CC2-BC18-1D0E40EEAE1A}.ReleaseWithoutCEF|x86.ActiveCfg = Release|Any CPU
		{E3AB36EA-E98A-4CC2-BC18-1D0E40EEAE1A}.ReleaseWithoutCEF|x86.Build.0 = Release|Any CPU
		{B9A11210-B5F8-40BC-9464-04D69C3C512B}.Debug|Any CPU.ActiveCfg = Debug|Any CPU
		{B9A11210-B5F8-40BC-9464-04D69C3C512B}.Debug|Any CPU.Build.0 = Debug|Any CPU
		{B9A11210-B5F8-40BC-9464-04D69C3C512B}.Debug|x64.ActiveCfg = Debug|Any CPU
		{B9A11210-B5F8-40BC-9464-04D69C3C512B}.Debug|x64.Build.0 = Debug|Any CPU
		{B9A11210-B5F8-40BC-9464-04D69C3C512B}.Debug|x86.ActiveCfg = Debug|Any CPU
		{B9A11210-B5F8-40BC-9464-04D69C3C512B}.Debug|x86.Build.0 = Debug|Any CPU
		{B9A11210-B5F8-40BC-9464-04D69C3C512B}.DebugWithoutCEF|Any CPU.ActiveCfg = Debug|Any CPU
		{B9A11210-B5F8-40BC-9464-04D69C3C512B}.DebugWithoutCEF|Any CPU.Build.0 = Debug|Any CPU
		{B9A11210-B5F8-40BC-9464-04D69C3C512B}.DebugWithoutCEF|x64.ActiveCfg = Debug|Any CPU
		{B9A11210-B5F8-40BC-9464-04D69C3C512B}.DebugWithoutCEF|x64.Build.0 = Debug|Any CPU
		{B9A11210-B5F8-40BC-9464-04D69C3C512B}.DebugWithoutCEF|x86.ActiveCfg = Debug|Any CPU
		{B9A11210-B5F8-40BC-9464-04D69C3C512B}.DebugWithoutCEF|x86.Build.0 = Debug|Any CPU
		{B9A11210-B5F8-40BC-9464-04D69C3C512B}.Release|Any CPU.ActiveCfg = Release|Any CPU
		{B9A11210-B5F8-40BC-9464-04D69C3C512B}.Release|Any CPU.Build.0 = Release|Any CPU
		{B9A11210-B5F8-40BC-9464-04D69C3C512B}.Release|x64.ActiveCfg = Release|Any CPU
		{B9A11210-B5F8-40BC-9464-04D69C3C512B}.Release|x64.Build.0 = Release|Any CPU
		{B9A11210-B5F8-40BC-9464-04D69C3C512B}.Release|x86.ActiveCfg = Release|Any CPU
		{B9A11210-B5F8-40BC-9464-04D69C3C512B}.Release|x86.Build.0 = Release|Any CPU
		{B9A11210-B5F8-40BC-9464-04D69C3C512B}.ReleaseWithoutCEF|Any CPU.ActiveCfg = Release|Any CPU
		{B9A11210-B5F8-40BC-9464-04D69C3C512B}.ReleaseWithoutCEF|Any CPU.Build.0 = Release|Any CPU
		{B9A11210-B5F8-40BC-9464-04D69C3C512B}.ReleaseWithoutCEF|x64.ActiveCfg = Release|Any CPU
		{B9A11210-B5F8-40BC-9464-04D69C3C512B}.ReleaseWithoutCEF|x64.Build.0 = Release|Any CPU
		{B9A11210-B5F8-40BC-9464-04D69C3C512B}.ReleaseWithoutCEF|x86.ActiveCfg = Release|Any CPU
		{B9A11210-B5F8-40BC-9464-04D69C3C512B}.ReleaseWithoutCEF|x86.Build.0 = Release|Any CPU
		{57BB1D65-1EF9-4EAE-A1DE-9EA749431FA1}.Debug|Any CPU.ActiveCfg = Debug|Any CPU
		{57BB1D65-1EF9-4EAE-A1DE-9EA749431FA1}.Debug|Any CPU.Build.0 = Debug|Any CPU
		{57BB1D65-1EF9-4EAE-A1DE-9EA749431FA1}.Debug|x64.ActiveCfg = Debug|Any CPU
		{57BB1D65-1EF9-4EAE-A1DE-9EA749431FA1}.Debug|x64.Build.0 = Debug|Any CPU
		{57BB1D65-1EF9-4EAE-A1DE-9EA749431FA1}.Debug|x86.ActiveCfg = Debug|Any CPU
		{57BB1D65-1EF9-4EAE-A1DE-9EA749431FA1}.Debug|x86.Build.0 = Debug|Any CPU
		{57BB1D65-1EF9-4EAE-A1DE-9EA749431FA1}.DebugWithoutCEF|Any CPU.ActiveCfg = Debug|Any CPU
		{57BB1D65-1EF9-4EAE-A1DE-9EA749431FA1}.DebugWithoutCEF|Any CPU.Build.0 = Debug|Any CPU
		{57BB1D65-1EF9-4EAE-A1DE-9EA749431FA1}.DebugWithoutCEF|x64.ActiveCfg = Debug|Any CPU
		{57BB1D65-1EF9-4EAE-A1DE-9EA749431FA1}.DebugWithoutCEF|x64.Build.0 = Debug|Any CPU
		{57BB1D65-1EF9-4EAE-A1DE-9EA749431FA1}.DebugWithoutCEF|x86.ActiveCfg = Debug|Any CPU
		{57BB1D65-1EF9-4EAE-A1DE-9EA749431FA1}.DebugWithoutCEF|x86.Build.0 = Debug|Any CPU
		{57BB1D65-1EF9-4EAE-A1DE-9EA749431FA1}.Release|Any CPU.ActiveCfg = Release|Any CPU
		{57BB1D65-1EF9-4EAE-A1DE-9EA749431FA1}.Release|Any CPU.Build.0 = Release|Any CPU
		{57BB1D65-1EF9-4EAE-A1DE-9EA749431FA1}.Release|x64.ActiveCfg = Release|Any CPU
		{57BB1D65-1EF9-4EAE-A1DE-9EA749431FA1}.Release|x64.Build.0 = Release|Any CPU
		{57BB1D65-1EF9-4EAE-A1DE-9EA749431FA1}.Release|x86.ActiveCfg = Release|Any CPU
		{57BB1D65-1EF9-4EAE-A1DE-9EA749431FA1}.Release|x86.Build.0 = Release|Any CPU
		{57BB1D65-1EF9-4EAE-A1DE-9EA749431FA1}.ReleaseWithoutCEF|Any CPU.ActiveCfg = Release|Any CPU
		{57BB1D65-1EF9-4EAE-A1DE-9EA749431FA1}.ReleaseWithoutCEF|Any CPU.Build.0 = Release|Any CPU
		{57BB1D65-1EF9-4EAE-A1DE-9EA749431FA1}.ReleaseWithoutCEF|x64.ActiveCfg = Release|Any CPU
		{57BB1D65-1EF9-4EAE-A1DE-9EA749431FA1}.ReleaseWithoutCEF|x64.Build.0 = Release|Any CPU
		{57BB1D65-1EF9-4EAE-A1DE-9EA749431FA1}.ReleaseWithoutCEF|x86.ActiveCfg = Release|Any CPU
		{57BB1D65-1EF9-4EAE-A1DE-9EA749431FA1}.ReleaseWithoutCEF|x86.Build.0 = Release|Any CPU
		{FB0ACC7F-3115-44BF-9931-1BB317CC2F02}.Debug|Any CPU.ActiveCfg = Debug|Any CPU
		{FB0ACC7F-3115-44BF-9931-1BB317CC2F02}.Debug|Any CPU.Build.0 = Debug|Any CPU
		{FB0ACC7F-3115-44BF-9931-1BB317CC2F02}.Debug|x64.ActiveCfg = Debug|Any CPU
		{FB0ACC7F-3115-44BF-9931-1BB317CC2F02}.Debug|x64.Build.0 = Debug|Any CPU
		{FB0ACC7F-3115-44BF-9931-1BB317CC2F02}.Debug|x86.ActiveCfg = Debug|Any CPU
		{FB0ACC7F-3115-44BF-9931-1BB317CC2F02}.Debug|x86.Build.0 = Debug|Any CPU
		{FB0ACC7F-3115-44BF-9931-1BB317CC2F02}.DebugWithoutCEF|Any CPU.ActiveCfg = Debug|Any CPU
		{FB0ACC7F-3115-44BF-9931-1BB317CC2F02}.DebugWithoutCEF|Any CPU.Build.0 = Debug|Any CPU
		{FB0ACC7F-3115-44BF-9931-1BB317CC2F02}.DebugWithoutCEF|x64.ActiveCfg = Debug|Any CPU
		{FB0ACC7F-3115-44BF-9931-1BB317CC2F02}.DebugWithoutCEF|x64.Build.0 = Debug|Any CPU
		{FB0ACC7F-3115-44BF-9931-1BB317CC2F02}.DebugWithoutCEF|x86.ActiveCfg = Debug|Any CPU
		{FB0ACC7F-3115-44BF-9931-1BB317CC2F02}.DebugWithoutCEF|x86.Build.0 = Debug|Any CPU
		{FB0ACC7F-3115-44BF-9931-1BB317CC2F02}.Release|Any CPU.ActiveCfg = Release|Any CPU
		{FB0ACC7F-3115-44BF-9931-1BB317CC2F02}.Release|Any CPU.Build.0 = Release|Any CPU
		{FB0ACC7F-3115-44BF-9931-1BB317CC2F02}.Release|x64.ActiveCfg = Release|Any CPU
		{FB0ACC7F-3115-44BF-9931-1BB317CC2F02}.Release|x64.Build.0 = Release|Any CPU
		{FB0ACC7F-3115-44BF-9931-1BB317CC2F02}.Release|x86.ActiveCfg = Release|Any CPU
		{FB0ACC7F-3115-44BF-9931-1BB317CC2F02}.Release|x86.Build.0 = Release|Any CPU
		{FB0ACC7F-3115-44BF-9931-1BB317CC2F02}.ReleaseWithoutCEF|Any CPU.ActiveCfg = Release|Any CPU
		{FB0ACC7F-3115-44BF-9931-1BB317CC2F02}.ReleaseWithoutCEF|Any CPU.Build.0 = Release|Any CPU
		{FB0ACC7F-3115-44BF-9931-1BB317CC2F02}.ReleaseWithoutCEF|x64.ActiveCfg = Release|Any CPU
		{FB0ACC7F-3115-44BF-9931-1BB317CC2F02}.ReleaseWithoutCEF|x64.Build.0 = Release|Any CPU
		{FB0ACC7F-3115-44BF-9931-1BB317CC2F02}.ReleaseWithoutCEF|x86.ActiveCfg = Release|Any CPU
		{FB0ACC7F-3115-44BF-9931-1BB317CC2F02}.ReleaseWithoutCEF|x86.Build.0 = Release|Any CPU
		{AA2A09A7-1E92-4572-9411-249C392ED6A6}.Debug|Any CPU.ActiveCfg = Debug|x64
		{AA2A09A7-1E92-4572-9411-249C392ED6A6}.Debug|Any CPU.Build.0 = Debug|x64
		{AA2A09A7-1E92-4572-9411-249C392ED6A6}.Debug|x64.ActiveCfg = Debug|x64
		{AA2A09A7-1E92-4572-9411-249C392ED6A6}.Debug|x64.Build.0 = Debug|x64
		{AA2A09A7-1E92-4572-9411-249C392ED6A6}.Debug|x86.ActiveCfg = Debug|Any CPU
		{AA2A09A7-1E92-4572-9411-249C392ED6A6}.Debug|x86.Build.0 = Debug|Any CPU
		{AA2A09A7-1E92-4572-9411-249C392ED6A6}.DebugWithoutCEF|Any CPU.ActiveCfg = Debug|Any CPU
		{AA2A09A7-1E92-4572-9411-249C392ED6A6}.DebugWithoutCEF|Any CPU.Build.0 = Debug|Any CPU
		{AA2A09A7-1E92-4572-9411-249C392ED6A6}.DebugWithoutCEF|x64.ActiveCfg = Debug|x64
		{AA2A09A7-1E92-4572-9411-249C392ED6A6}.DebugWithoutCEF|x64.Build.0 = Debug|x64
		{AA2A09A7-1E92-4572-9411-249C392ED6A6}.DebugWithoutCEF|x86.ActiveCfg = Debug|Any CPU
		{AA2A09A7-1E92-4572-9411-249C392ED6A6}.DebugWithoutCEF|x86.Build.0 = Debug|Any CPU
		{AA2A09A7-1E92-4572-9411-249C392ED6A6}.Release|Any CPU.ActiveCfg = Release|Any CPU
		{AA2A09A7-1E92-4572-9411-249C392ED6A6}.Release|Any CPU.Build.0 = Release|Any CPU
		{AA2A09A7-1E92-4572-9411-249C392ED6A6}.Release|x64.ActiveCfg = Release|x64
		{AA2A09A7-1E92-4572-9411-249C392ED6A6}.Release|x64.Build.0 = Release|x64
		{AA2A09A7-1E92-4572-9411-249C392ED6A6}.Release|x86.ActiveCfg = Release|Any CPU
		{AA2A09A7-1E92-4572-9411-249C392ED6A6}.Release|x86.Build.0 = Release|Any CPU
		{AA2A09A7-1E92-4572-9411-249C392ED6A6}.ReleaseWithoutCEF|Any CPU.ActiveCfg = Release|Any CPU
		{AA2A09A7-1E92-4572-9411-249C392ED6A6}.ReleaseWithoutCEF|Any CPU.Build.0 = Release|Any CPU
		{AA2A09A7-1E92-4572-9411-249C392ED6A6}.ReleaseWithoutCEF|x64.ActiveCfg = Release|x64
		{AA2A09A7-1E92-4572-9411-249C392ED6A6}.ReleaseWithoutCEF|x64.Build.0 = Release|x64
		{AA2A09A7-1E92-4572-9411-249C392ED6A6}.ReleaseWithoutCEF|x86.ActiveCfg = Release|Any CPU
		{AA2A09A7-1E92-4572-9411-249C392ED6A6}.ReleaseWithoutCEF|x86.Build.0 = Release|Any CPU
		{B074E5E8-A2D4-4DFB-81C6-4DD5F0ABB8B4}.Debug|Any CPU.ActiveCfg = Debug|Any CPU
		{B074E5E8-A2D4-4DFB-81C6-4DD5F0ABB8B4}.Debug|Any CPU.Build.0 = Debug|Any CPU
		{B074E5E8-A2D4-4DFB-81C6-4DD5F0ABB8B4}.Debug|x64.ActiveCfg = Debug|Any CPU
		{B074E5E8-A2D4-4DFB-81C6-4DD5F0ABB8B4}.Debug|x64.Build.0 = Debug|Any CPU
		{B074E5E8-A2D4-4DFB-81C6-4DD5F0ABB8B4}.Debug|x86.ActiveCfg = Debug|Any CPU
		{B074E5E8-A2D4-4DFB-81C6-4DD5F0ABB8B4}.Debug|x86.Build.0 = Debug|Any CPU
		{B074E5E8-A2D4-4DFB-81C6-4DD5F0ABB8B4}.DebugWithoutCEF|Any CPU.ActiveCfg = Debug|Any CPU
		{B074E5E8-A2D4-4DFB-81C6-4DD5F0ABB8B4}.DebugWithoutCEF|Any CPU.Build.0 = Debug|Any CPU
		{B074E5E8-A2D4-4DFB-81C6-4DD5F0ABB8B4}.DebugWithoutCEF|x64.ActiveCfg = Debug|Any CPU
		{B074E5E8-A2D4-4DFB-81C6-4DD5F0ABB8B4}.DebugWithoutCEF|x64.Build.0 = Debug|Any CPU
		{B074E5E8-A2D4-4DFB-81C6-4DD5F0ABB8B4}.DebugWithoutCEF|x86.ActiveCfg = Debug|Any CPU
		{B074E5E8-A2D4-4DFB-81C6-4DD5F0ABB8B4}.DebugWithoutCEF|x86.Build.0 = Debug|Any CPU
		{B074E5E8-A2D4-4DFB-81C6-4DD5F0ABB8B4}.Release|Any CPU.ActiveCfg = Release|Any CPU
		{B074E5E8-A2D4-4DFB-81C6-4DD5F0ABB8B4}.Release|Any CPU.Build.0 = Release|Any CPU
		{B074E5E8-A2D4-4DFB-81C6-4DD5F0ABB8B4}.Release|x64.ActiveCfg = Release|Any CPU
		{B074E5E8-A2D4-4DFB-81C6-4DD5F0ABB8B4}.Release|x64.Build.0 = Release|Any CPU
		{B074E5E8-A2D4-4DFB-81C6-4DD5F0ABB8B4}.Release|x86.ActiveCfg = Release|Any CPU
		{B074E5E8-A2D4-4DFB-81C6-4DD5F0ABB8B4}.Release|x86.Build.0 = Release|Any CPU
		{B074E5E8-A2D4-4DFB-81C6-4DD5F0ABB8B4}.ReleaseWithoutCEF|Any CPU.ActiveCfg = Release|Any CPU
		{B074E5E8-A2D4-4DFB-81C6-4DD5F0ABB8B4}.ReleaseWithoutCEF|Any CPU.Build.0 = Release|Any CPU
		{B074E5E8-A2D4-4DFB-81C6-4DD5F0ABB8B4}.ReleaseWithoutCEF|x64.ActiveCfg = Release|Any CPU
		{B074E5E8-A2D4-4DFB-81C6-4DD5F0ABB8B4}.ReleaseWithoutCEF|x64.Build.0 = Release|Any CPU
		{B074E5E8-A2D4-4DFB-81C6-4DD5F0ABB8B4}.ReleaseWithoutCEF|x86.ActiveCfg = Release|Any CPU
		{B074E5E8-A2D4-4DFB-81C6-4DD5F0ABB8B4}.ReleaseWithoutCEF|x86.Build.0 = Release|Any CPU
		{65783100-86DA-4CF6-8066-1292B902B216}.Debug|Any CPU.ActiveCfg = Debug|Any CPU
		{65783100-86DA-4CF6-8066-1292B902B216}.Debug|Any CPU.Build.0 = Debug|Any CPU
		{65783100-86DA-4CF6-8066-1292B902B216}.Debug|x64.ActiveCfg = Debug|Any CPU
		{65783100-86DA-4CF6-8066-1292B902B216}.Debug|x64.Build.0 = Debug|Any CPU
		{65783100-86DA-4CF6-8066-1292B902B216}.Debug|x86.ActiveCfg = Debug|Any CPU
		{65783100-86DA-4CF6-8066-1292B902B216}.Debug|x86.Build.0 = Debug|Any CPU
		{65783100-86DA-4CF6-8066-1292B902B216}.DebugWithoutCEF|Any CPU.ActiveCfg = Debug|Any CPU
		{65783100-86DA-4CF6-8066-1292B902B216}.DebugWithoutCEF|Any CPU.Build.0 = Debug|Any CPU
		{65783100-86DA-4CF6-8066-1292B902B216}.DebugWithoutCEF|x64.ActiveCfg = Debug|Any CPU
		{65783100-86DA-4CF6-8066-1292B902B216}.DebugWithoutCEF|x64.Build.0 = Debug|Any CPU
		{65783100-86DA-4CF6-8066-1292B902B216}.DebugWithoutCEF|x86.ActiveCfg = Debug|Any CPU
		{65783100-86DA-4CF6-8066-1292B902B216}.DebugWithoutCEF|x86.Build.0 = Debug|Any CPU
		{65783100-86DA-4CF6-8066-1292B902B216}.Release|Any CPU.ActiveCfg = Release|Any CPU
		{65783100-86DA-4CF6-8066-1292B902B216}.Release|Any CPU.Build.0 = Release|Any CPU
		{65783100-86DA-4CF6-8066-1292B902B216}.Release|x64.ActiveCfg = Release|Any CPU
		{65783100-86DA-4CF6-8066-1292B902B216}.Release|x64.Build.0 = Release|Any CPU
		{65783100-86DA-4CF6-8066-1292B902B216}.Release|x86.ActiveCfg = Release|Any CPU
		{65783100-86DA-4CF6-8066-1292B902B216}.Release|x86.Build.0 = Release|Any CPU
		{65783100-86DA-4CF6-8066-1292B902B216}.ReleaseWithoutCEF|Any CPU.ActiveCfg = Release|Any CPU
		{65783100-86DA-4CF6-8066-1292B902B216}.ReleaseWithoutCEF|Any CPU.Build.0 = Release|Any CPU
		{65783100-86DA-4CF6-8066-1292B902B216}.ReleaseWithoutCEF|x64.ActiveCfg = Release|Any CPU
		{65783100-86DA-4CF6-8066-1292B902B216}.ReleaseWithoutCEF|x64.Build.0 = Release|Any CPU
		{65783100-86DA-4CF6-8066-1292B902B216}.ReleaseWithoutCEF|x86.ActiveCfg = Release|Any CPU
		{65783100-86DA-4CF6-8066-1292B902B216}.ReleaseWithoutCEF|x86.Build.0 = Release|Any CPU
		{DEC389BC-59BC-48E5-B163-6E44CE782C4A}.Debug|Any CPU.ActiveCfg = Debug|Any CPU
		{DEC389BC-59BC-48E5-B163-6E44CE782C4A}.Debug|Any CPU.Build.0 = Debug|Any CPU
		{DEC389BC-59BC-48E5-B163-6E44CE782C4A}.Debug|x64.ActiveCfg = Debug|Any CPU
		{DEC389BC-59BC-48E5-B163-6E44CE782C4A}.Debug|x64.Build.0 = Debug|Any CPU
		{DEC389BC-59BC-48E5-B163-6E44CE782C4A}.Debug|x86.ActiveCfg = Debug|Any CPU
		{DEC389BC-59BC-48E5-B163-6E44CE782C4A}.Debug|x86.Build.0 = Debug|Any CPU
		{DEC389BC-59BC-48E5-B163-6E44CE782C4A}.DebugWithoutCEF|Any CPU.ActiveCfg = Debug|Any CPU
		{DEC389BC-59BC-48E5-B163-6E44CE782C4A}.DebugWithoutCEF|Any CPU.Build.0 = Debug|Any CPU
		{DEC389BC-59BC-48E5-B163-6E44CE782C4A}.DebugWithoutCEF|x64.ActiveCfg = Debug|Any CPU
		{DEC389BC-59BC-48E5-B163-6E44CE782C4A}.DebugWithoutCEF|x64.Build.0 = Debug|Any CPU
		{DEC389BC-59BC-48E5-B163-6E44CE782C4A}.DebugWithoutCEF|x86.ActiveCfg = Debug|Any CPU
		{DEC389BC-59BC-48E5-B163-6E44CE782C4A}.DebugWithoutCEF|x86.Build.0 = Debug|Any CPU
		{DEC389BC-59BC-48E5-B163-6E44CE782C4A}.Release|Any CPU.ActiveCfg = Release|Any CPU
		{DEC389BC-59BC-48E5-B163-6E44CE782C4A}.Release|Any CPU.Build.0 = Release|Any CPU
		{DEC389BC-59BC-48E5-B163-6E44CE782C4A}.Release|x64.ActiveCfg = Release|Any CPU
		{DEC389BC-59BC-48E5-B163-6E44CE782C4A}.Release|x64.Build.0 = Release|Any CPU
		{DEC389BC-59BC-48E5-B163-6E44CE782C4A}.Release|x86.ActiveCfg = Release|Any CPU
		{DEC389BC-59BC-48E5-B163-6E44CE782C4A}.Release|x86.Build.0 = Release|Any CPU
		{DEC389BC-59BC-48E5-B163-6E44CE782C4A}.ReleaseWithoutCEF|Any CPU.ActiveCfg = Release|Any CPU
		{DEC389BC-59BC-48E5-B163-6E44CE782C4A}.ReleaseWithoutCEF|Any CPU.Build.0 = Release|Any CPU
		{DEC389BC-59BC-48E5-B163-6E44CE782C4A}.ReleaseWithoutCEF|x64.ActiveCfg = Release|Any CPU
		{DEC389BC-59BC-48E5-B163-6E44CE782C4A}.ReleaseWithoutCEF|x64.Build.0 = Release|Any CPU
		{DEC389BC-59BC-48E5-B163-6E44CE782C4A}.ReleaseWithoutCEF|x86.ActiveCfg = Release|Any CPU
		{DEC389BC-59BC-48E5-B163-6E44CE782C4A}.ReleaseWithoutCEF|x86.Build.0 = Release|Any CPU
		{69824EF3-30F8-4C8A-874E-9B1F5873D25E}.Debug|Any CPU.ActiveCfg = Debug|Any CPU
		{69824EF3-30F8-4C8A-874E-9B1F5873D25E}.Debug|Any CPU.Build.0 = Debug|Any CPU
		{69824EF3-30F8-4C8A-874E-9B1F5873D25E}.Debug|x64.ActiveCfg = Debug|Any CPU
		{69824EF3-30F8-4C8A-874E-9B1F5873D25E}.Debug|x64.Build.0 = Debug|Any CPU
		{69824EF3-30F8-4C8A-874E-9B1F5873D25E}.Debug|x86.ActiveCfg = Debug|Any CPU
		{69824EF3-30F8-4C8A-874E-9B1F5873D25E}.Debug|x86.Build.0 = Debug|Any CPU
		{69824EF3-30F8-4C8A-874E-9B1F5873D25E}.DebugWithoutCEF|Any CPU.ActiveCfg = Debug|Any CPU
		{69824EF3-30F8-4C8A-874E-9B1F5873D25E}.DebugWithoutCEF|Any CPU.Build.0 = Debug|Any CPU
		{69824EF3-30F8-4C8A-874E-9B1F5873D25E}.DebugWithoutCEF|x64.ActiveCfg = Debug|Any CPU
		{69824EF3-30F8-4C8A-874E-9B1F5873D25E}.DebugWithoutCEF|x64.Build.0 = Debug|Any CPU
		{69824EF3-30F8-4C8A-874E-9B1F5873D25E}.DebugWithoutCEF|x86.ActiveCfg = Debug|Any CPU
		{69824EF3-30F8-4C8A-874E-9B1F5873D25E}.DebugWithoutCEF|x86.Build.0 = Debug|Any CPU
		{69824EF3-30F8-4C8A-874E-9B1F5873D25E}.Release|Any CPU.ActiveCfg = Release|Any CPU
		{69824EF3-30F8-4C8A-874E-9B1F5873D25E}.Release|Any CPU.Build.0 = Release|Any CPU
		{69824EF3-30F8-4C8A-874E-9B1F5873D25E}.Release|x64.ActiveCfg = Release|Any CPU
		{69824EF3-30F8-4C8A-874E-9B1F5873D25E}.Release|x64.Build.0 = Release|Any CPU
		{69824EF3-30F8-4C8A-874E-9B1F5873D25E}.Release|x86.ActiveCfg = Release|Any CPU
		{69824EF3-30F8-4C8A-874E-9B1F5873D25E}.Release|x86.Build.0 = Release|Any CPU
		{69824EF3-30F8-4C8A-874E-9B1F5873D25E}.ReleaseWithoutCEF|Any CPU.ActiveCfg = Release|Any CPU
		{69824EF3-30F8-4C8A-874E-9B1F5873D25E}.ReleaseWithoutCEF|Any CPU.Build.0 = Release|Any CPU
		{69824EF3-30F8-4C8A-874E-9B1F5873D25E}.ReleaseWithoutCEF|x64.ActiveCfg = Release|Any CPU
		{69824EF3-30F8-4C8A-874E-9B1F5873D25E}.ReleaseWithoutCEF|x64.Build.0 = Release|Any CPU
		{69824EF3-30F8-4C8A-874E-9B1F5873D25E}.ReleaseWithoutCEF|x86.ActiveCfg = Release|Any CPU
		{69824EF3-30F8-4C8A-874E-9B1F5873D25E}.ReleaseWithoutCEF|x86.Build.0 = Release|Any CPU
		{7788AC2B-7F97-4755-B343-C4196FA90198}.Debug|Any CPU.ActiveCfg = Debug|Any CPU
		{7788AC2B-7F97-4755-B343-C4196FA90198}.Debug|Any CPU.Build.0 = Debug|Any CPU
		{7788AC2B-7F97-4755-B343-C4196FA90198}.Debug|x64.ActiveCfg = Debug|Any CPU
		{7788AC2B-7F97-4755-B343-C4196FA90198}.Debug|x64.Build.0 = Debug|Any CPU
		{7788AC2B-7F97-4755-B343-C4196FA90198}.Debug|x86.ActiveCfg = Debug|Any CPU
		{7788AC2B-7F97-4755-B343-C4196FA90198}.Debug|x86.Build.0 = Debug|Any CPU
		{7788AC2B-7F97-4755-B343-C4196FA90198}.DebugWithoutCEF|Any CPU.ActiveCfg = Debug|Any CPU
		{7788AC2B-7F97-4755-B343-C4196FA90198}.DebugWithoutCEF|Any CPU.Build.0 = Debug|Any CPU
		{7788AC2B-7F97-4755-B343-C4196FA90198}.DebugWithoutCEF|x64.ActiveCfg = Debug|Any CPU
		{7788AC2B-7F97-4755-B343-C4196FA90198}.DebugWithoutCEF|x64.Build.0 = Debug|Any CPU
		{7788AC2B-7F97-4755-B343-C4196FA90198}.DebugWithoutCEF|x86.ActiveCfg = Debug|Any CPU
		{7788AC2B-7F97-4755-B343-C4196FA90198}.DebugWithoutCEF|x86.Build.0 = Debug|Any CPU
		{7788AC2B-7F97-4755-B343-C4196FA90198}.Release|Any CPU.ActiveCfg = Release|Any CPU
		{7788AC2B-7F97-4755-B343-C4196FA90198}.Release|Any CPU.Build.0 = Release|Any CPU
		{7788AC2B-7F97-4755-B343-C4196FA90198}.Release|x64.ActiveCfg = Release|Any CPU
		{7788AC2B-7F97-4755-B343-C4196FA90198}.Release|x64.Build.0 = Release|Any CPU
		{7788AC2B-7F97-4755-B343-C4196FA90198}.Release|x86.ActiveCfg = Release|Any CPU
		{7788AC2B-7F97-4755-B343-C4196FA90198}.Release|x86.Build.0 = Release|Any CPU
		{7788AC2B-7F97-4755-B343-C4196FA90198}.ReleaseWithoutCEF|Any CPU.ActiveCfg = Release|Any CPU
		{7788AC2B-7F97-4755-B343-C4196FA90198}.ReleaseWithoutCEF|Any CPU.Build.0 = Release|Any CPU
		{7788AC2B-7F97-4755-B343-C4196FA90198}.ReleaseWithoutCEF|x64.ActiveCfg = Release|Any CPU
		{7788AC2B-7F97-4755-B343-C4196FA90198}.ReleaseWithoutCEF|x64.Build.0 = Release|Any CPU
		{7788AC2B-7F97-4755-B343-C4196FA90198}.ReleaseWithoutCEF|x86.ActiveCfg = Release|Any CPU
		{7788AC2B-7F97-4755-B343-C4196FA90198}.ReleaseWithoutCEF|x86.Build.0 = Release|Any CPU
		{2F21FEFF-F0EF-40B5-BA05-09FC9F499AE9}.Debug|Any CPU.ActiveCfg = Debug|Any CPU
		{2F21FEFF-F0EF-40B5-BA05-09FC9F499AE9}.Debug|Any CPU.Build.0 = Debug|Any CPU
		{2F21FEFF-F0EF-40B5-BA05-09FC9F499AE9}.Debug|x64.ActiveCfg = Debug|Any CPU
		{2F21FEFF-F0EF-40B5-BA05-09FC9F499AE9}.Debug|x64.Build.0 = Debug|Any CPU
		{2F21FEFF-F0EF-40B5-BA05-09FC9F499AE9}.Debug|x86.ActiveCfg = Debug|Any CPU
		{2F21FEFF-F0EF-40B5-BA05-09FC9F499AE9}.Debug|x86.Build.0 = Debug|Any CPU
		{2F21FEFF-F0EF-40B5-BA05-09FC9F499AE9}.DebugWithoutCEF|Any CPU.ActiveCfg = Debug|Any CPU
		{2F21FEFF-F0EF-40B5-BA05-09FC9F499AE9}.DebugWithoutCEF|Any CPU.Build.0 = Debug|Any CPU
		{2F21FEFF-F0EF-40B5-BA05-09FC9F499AE9}.DebugWithoutCEF|x64.ActiveCfg = Debug|Any CPU
		{2F21FEFF-F0EF-40B5-BA05-09FC9F499AE9}.DebugWithoutCEF|x64.Build.0 = Debug|Any CPU
		{2F21FEFF-F0EF-40B5-BA05-09FC9F499AE9}.DebugWithoutCEF|x86.ActiveCfg = Debug|Any CPU
		{2F21FEFF-F0EF-40B5-BA05-09FC9F499AE9}.DebugWithoutCEF|x86.Build.0 = Debug|Any CPU
		{2F21FEFF-F0EF-40B5-BA05-09FC9F499AE9}.Release|Any CPU.ActiveCfg = Release|Any CPU
		{2F21FEFF-F0EF-40B5-BA05-09FC9F499AE9}.Release|Any CPU.Build.0 = Release|Any CPU
		{2F21FEFF-F0EF-40B5-BA05-09FC9F499AE9}.Release|x64.ActiveCfg = Release|Any CPU
		{2F21FEFF-F0EF-40B5-BA05-09FC9F499AE9}.Release|x64.Build.0 = Release|Any CPU
		{2F21FEFF-F0EF-40B5-BA05-09FC9F499AE9}.Release|x86.ActiveCfg = Release|Any CPU
		{2F21FEFF-F0EF-40B5-BA05-09FC9F499AE9}.Release|x86.Build.0 = Release|Any CPU
		{2F21FEFF-F0EF-40B5-BA05-09FC9F499AE9}.ReleaseWithoutCEF|Any CPU.ActiveCfg = Release|Any CPU
		{2F21FEFF-F0EF-40B5-BA05-09FC9F499AE9}.ReleaseWithoutCEF|Any CPU.Build.0 = Release|Any CPU
		{2F21FEFF-F0EF-40B5-BA05-09FC9F499AE9}.ReleaseWithoutCEF|x64.ActiveCfg = Release|Any CPU
		{2F21FEFF-F0EF-40B5-BA05-09FC9F499AE9}.ReleaseWithoutCEF|x64.Build.0 = Release|Any CPU
		{2F21FEFF-F0EF-40B5-BA05-09FC9F499AE9}.ReleaseWithoutCEF|x86.ActiveCfg = Release|Any CPU
		{2F21FEFF-F0EF-40B5-BA05-09FC9F499AE9}.ReleaseWithoutCEF|x86.Build.0 = Release|Any CPU
		{B540EBF4-C026-45A4-9721-909AF0CC14C1}.Debug|Any CPU.ActiveCfg = Debug|Any CPU
		{B540EBF4-C026-45A4-9721-909AF0CC14C1}.Debug|Any CPU.Build.0 = Debug|Any CPU
		{B540EBF4-C026-45A4-9721-909AF0CC14C1}.Debug|x64.ActiveCfg = Debug|Any CPU
		{B540EBF4-C026-45A4-9721-909AF0CC14C1}.Debug|x64.Build.0 = Debug|Any CPU
		{B540EBF4-C026-45A4-9721-909AF0CC14C1}.Debug|x86.ActiveCfg = Debug|Any CPU
		{B540EBF4-C026-45A4-9721-909AF0CC14C1}.Debug|x86.Build.0 = Debug|Any CPU
		{B540EBF4-C026-45A4-9721-909AF0CC14C1}.DebugWithoutCEF|Any CPU.ActiveCfg = Debug|Any CPU
		{B540EBF4-C026-45A4-9721-909AF0CC14C1}.DebugWithoutCEF|Any CPU.Build.0 = Debug|Any CPU
		{B540EBF4-C026-45A4-9721-909AF0CC14C1}.DebugWithoutCEF|x64.ActiveCfg = Debug|Any CPU
		{B540EBF4-C026-45A4-9721-909AF0CC14C1}.DebugWithoutCEF|x64.Build.0 = Debug|Any CPU
		{B540EBF4-C026-45A4-9721-909AF0CC14C1}.DebugWithoutCEF|x86.ActiveCfg = Debug|Any CPU
		{B540EBF4-C026-45A4-9721-909AF0CC14C1}.DebugWithoutCEF|x86.Build.0 = Debug|Any CPU
		{B540EBF4-C026-45A4-9721-909AF0CC14C1}.Release|Any CPU.ActiveCfg = Release|Any CPU
		{B540EBF4-C026-45A4-9721-909AF0CC14C1}.Release|Any CPU.Build.0 = Release|Any CPU
		{B540EBF4-C026-45A4-9721-909AF0CC14C1}.Release|x64.ActiveCfg = Release|Any CPU
		{B540EBF4-C026-45A4-9721-909AF0CC14C1}.Release|x64.Build.0 = Release|Any CPU
		{B540EBF4-C026-45A4-9721-909AF0CC14C1}.Release|x86.ActiveCfg = Release|Any CPU
		{B540EBF4-C026-45A4-9721-909AF0CC14C1}.Release|x86.Build.0 = Release|Any CPU
		{B540EBF4-C026-45A4-9721-909AF0CC14C1}.ReleaseWithoutCEF|Any CPU.ActiveCfg = Release|Any CPU
		{B540EBF4-C026-45A4-9721-909AF0CC14C1}.ReleaseWithoutCEF|Any CPU.Build.0 = Release|Any CPU
		{B540EBF4-C026-45A4-9721-909AF0CC14C1}.ReleaseWithoutCEF|x64.ActiveCfg = Release|Any CPU
		{B540EBF4-C026-45A4-9721-909AF0CC14C1}.ReleaseWithoutCEF|x64.Build.0 = Release|Any CPU
		{B540EBF4-C026-45A4-9721-909AF0CC14C1}.ReleaseWithoutCEF|x86.ActiveCfg = Release|Any CPU
		{B540EBF4-C026-45A4-9721-909AF0CC14C1}.ReleaseWithoutCEF|x86.Build.0 = Release|Any CPU
		{F6CF3948-C67A-40FC-812A-3733F673EA21}.Debug|Any CPU.ActiveCfg = Debug|Any CPU
		{F6CF3948-C67A-40FC-812A-3733F673EA21}.Debug|Any CPU.Build.0 = Debug|Any CPU
		{F6CF3948-C67A-40FC-812A-3733F673EA21}.Debug|x64.ActiveCfg = Debug|Any CPU
		{F6CF3948-C67A-40FC-812A-3733F673EA21}.Debug|x64.Build.0 = Debug|Any CPU
		{F6CF3948-C67A-40FC-812A-3733F673EA21}.Debug|x86.ActiveCfg = Debug|Any CPU
		{F6CF3948-C67A-40FC-812A-3733F673EA21}.Debug|x86.Build.0 = Debug|Any CPU
		{F6CF3948-C67A-40FC-812A-3733F673EA21}.DebugWithoutCEF|Any CPU.ActiveCfg = Debug|Any CPU
		{F6CF3948-C67A-40FC-812A-3733F673EA21}.DebugWithoutCEF|Any CPU.Build.0 = Debug|Any CPU
		{F6CF3948-C67A-40FC-812A-3733F673EA21}.DebugWithoutCEF|x64.ActiveCfg = Debug|Any CPU
		{F6CF3948-C67A-40FC-812A-3733F673EA21}.DebugWithoutCEF|x64.Build.0 = Debug|Any CPU
		{F6CF3948-C67A-40FC-812A-3733F673EA21}.DebugWithoutCEF|x86.ActiveCfg = Debug|Any CPU
		{F6CF3948-C67A-40FC-812A-3733F673EA21}.DebugWithoutCEF|x86.Build.0 = Debug|Any CPU
		{F6CF3948-C67A-40FC-812A-3733F673EA21}.Release|Any CPU.ActiveCfg = Release|Any CPU
		{F6CF3948-C67A-40FC-812A-3733F673EA21}.Release|Any CPU.Build.0 = Release|Any CPU
		{F6CF3948-C67A-40FC-812A-3733F673EA21}.Release|x64.ActiveCfg = Release|Any CPU
		{F6CF3948-C67A-40FC-812A-3733F673EA21}.Release|x64.Build.0 = Release|Any CPU
		{F6CF3948-C67A-40FC-812A-3733F673EA21}.Release|x86.ActiveCfg = Release|Any CPU
		{F6CF3948-C67A-40FC-812A-3733F673EA21}.Release|x86.Build.0 = Release|Any CPU
		{F6CF3948-C67A-40FC-812A-3733F673EA21}.ReleaseWithoutCEF|Any CPU.ActiveCfg = Release|Any CPU
		{F6CF3948-C67A-40FC-812A-3733F673EA21}.ReleaseWithoutCEF|Any CPU.Build.0 = Release|Any CPU
		{F6CF3948-C67A-40FC-812A-3733F673EA21}.ReleaseWithoutCEF|x64.ActiveCfg = Release|Any CPU
		{F6CF3948-C67A-40FC-812A-3733F673EA21}.ReleaseWithoutCEF|x64.Build.0 = Release|Any CPU
		{F6CF3948-C67A-40FC-812A-3733F673EA21}.ReleaseWithoutCEF|x86.ActiveCfg = Release|Any CPU
		{F6CF3948-C67A-40FC-812A-3733F673EA21}.ReleaseWithoutCEF|x86.Build.0 = Release|Any CPU
		{7A612803-BAE2-4FED-BBCE-56079EDB8594}.Debug|Any CPU.ActiveCfg = Debug|Any CPU
		{7A612803-BAE2-4FED-BBCE-56079EDB8594}.Debug|Any CPU.Build.0 = Debug|Any CPU
		{7A612803-BAE2-4FED-BBCE-56079EDB8594}.Debug|x64.ActiveCfg = Debug|Any CPU
		{7A612803-BAE2-4FED-BBCE-56079EDB8594}.Debug|x64.Build.0 = Debug|Any CPU
		{7A612803-BAE2-4FED-BBCE-56079EDB8594}.Debug|x86.ActiveCfg = Debug|Any CPU
		{7A612803-BAE2-4FED-BBCE-56079EDB8594}.Debug|x86.Build.0 = Debug|Any CPU
		{7A612803-BAE2-4FED-BBCE-56079EDB8594}.DebugWithoutCEF|Any CPU.ActiveCfg = Debug|Any CPU
		{7A612803-BAE2-4FED-BBCE-56079EDB8594}.DebugWithoutCEF|Any CPU.Build.0 = Debug|Any CPU
		{7A612803-BAE2-4FED-BBCE-56079EDB8594}.DebugWithoutCEF|x64.ActiveCfg = Debug|Any CPU
		{7A612803-BAE2-4FED-BBCE-56079EDB8594}.DebugWithoutCEF|x64.Build.0 = Debug|Any CPU
		{7A612803-BAE2-4FED-BBCE-56079EDB8594}.DebugWithoutCEF|x86.ActiveCfg = Debug|Any CPU
		{7A612803-BAE2-4FED-BBCE-56079EDB8594}.DebugWithoutCEF|x86.Build.0 = Debug|Any CPU
		{7A612803-BAE2-4FED-BBCE-56079EDB8594}.Release|Any CPU.ActiveCfg = Release|Any CPU
		{7A612803-BAE2-4FED-BBCE-56079EDB8594}.Release|Any CPU.Build.0 = Release|Any CPU
		{7A612803-BAE2-4FED-BBCE-56079EDB8594}.Release|x64.ActiveCfg = Release|Any CPU
		{7A612803-BAE2-4FED-BBCE-56079EDB8594}.Release|x64.Build.0 = Release|Any CPU
		{7A612803-BAE2-4FED-BBCE-56079EDB8594}.Release|x86.ActiveCfg = Release|Any CPU
		{7A612803-BAE2-4FED-BBCE-56079EDB8594}.Release|x86.Build.0 = Release|Any CPU
		{7A612803-BAE2-4FED-BBCE-56079EDB8594}.ReleaseWithoutCEF|Any CPU.ActiveCfg = Release|Any CPU
		{7A612803-BAE2-4FED-BBCE-56079EDB8594}.ReleaseWithoutCEF|Any CPU.Build.0 = Release|Any CPU
		{7A612803-BAE2-4FED-BBCE-56079EDB8594}.ReleaseWithoutCEF|x64.ActiveCfg = Release|Any CPU
		{7A612803-BAE2-4FED-BBCE-56079EDB8594}.ReleaseWithoutCEF|x64.Build.0 = Release|Any CPU
		{7A612803-BAE2-4FED-BBCE-56079EDB8594}.ReleaseWithoutCEF|x86.ActiveCfg = Release|Any CPU
		{7A612803-BAE2-4FED-BBCE-56079EDB8594}.ReleaseWithoutCEF|x86.Build.0 = Release|Any CPU
		{1E2E9A75-3C8C-4CD9-BE11-32190FD4313C}.Debug|Any CPU.ActiveCfg = Debug|Any CPU
		{1E2E9A75-3C8C-4CD9-BE11-32190FD4313C}.Debug|Any CPU.Build.0 = Debug|Any CPU
		{1E2E9A75-3C8C-4CD9-BE11-32190FD4313C}.Debug|x64.ActiveCfg = Debug|Any CPU
		{1E2E9A75-3C8C-4CD9-BE11-32190FD4313C}.Debug|x64.Build.0 = Debug|Any CPU
		{1E2E9A75-3C8C-4CD9-BE11-32190FD4313C}.Debug|x86.ActiveCfg = Debug|Any CPU
		{1E2E9A75-3C8C-4CD9-BE11-32190FD4313C}.Debug|x86.Build.0 = Debug|Any CPU
		{1E2E9A75-3C8C-4CD9-BE11-32190FD4313C}.DebugWithoutCEF|Any CPU.ActiveCfg = Debug|Any CPU
		{1E2E9A75-3C8C-4CD9-BE11-32190FD4313C}.DebugWithoutCEF|Any CPU.Build.0 = Debug|Any CPU
		{1E2E9A75-3C8C-4CD9-BE11-32190FD4313C}.DebugWithoutCEF|x64.ActiveCfg = Debug|Any CPU
		{1E2E9A75-3C8C-4CD9-BE11-32190FD4313C}.DebugWithoutCEF|x64.Build.0 = Debug|Any CPU
		{1E2E9A75-3C8C-4CD9-BE11-32190FD4313C}.DebugWithoutCEF|x86.ActiveCfg = Debug|Any CPU
		{1E2E9A75-3C8C-4CD9-BE11-32190FD4313C}.DebugWithoutCEF|x86.Build.0 = Debug|Any CPU
		{1E2E9A75-3C8C-4CD9-BE11-32190FD4313C}.Release|Any CPU.ActiveCfg = Release|Any CPU
		{1E2E9A75-3C8C-4CD9-BE11-32190FD4313C}.Release|Any CPU.Build.0 = Release|Any CPU
		{1E2E9A75-3C8C-4CD9-BE11-32190FD4313C}.Release|x64.ActiveCfg = Release|Any CPU
		{1E2E9A75-3C8C-4CD9-BE11-32190FD4313C}.Release|x64.Build.0 = Release|Any CPU
		{1E2E9A75-3C8C-4CD9-BE11-32190FD4313C}.Release|x86.ActiveCfg = Release|Any CPU
		{1E2E9A75-3C8C-4CD9-BE11-32190FD4313C}.Release|x86.Build.0 = Release|Any CPU
		{1E2E9A75-3C8C-4CD9-BE11-32190FD4313C}.ReleaseWithoutCEF|Any CPU.ActiveCfg = Release|Any CPU
		{1E2E9A75-3C8C-4CD9-BE11-32190FD4313C}.ReleaseWithoutCEF|Any CPU.Build.0 = Release|Any CPU
		{1E2E9A75-3C8C-4CD9-BE11-32190FD4313C}.ReleaseWithoutCEF|x64.ActiveCfg = Release|Any CPU
		{1E2E9A75-3C8C-4CD9-BE11-32190FD4313C}.ReleaseWithoutCEF|x64.Build.0 = Release|Any CPU
		{1E2E9A75-3C8C-4CD9-BE11-32190FD4313C}.ReleaseWithoutCEF|x86.ActiveCfg = Release|Any CPU
		{1E2E9A75-3C8C-4CD9-BE11-32190FD4313C}.ReleaseWithoutCEF|x86.Build.0 = Release|Any CPU
		{C1E3F0D9-2BEA-4668-AFF4-454FDF527A58}.Debug|Any CPU.ActiveCfg = Debug|Any CPU
		{C1E3F0D9-2BEA-4668-AFF4-454FDF527A58}.Debug|Any CPU.Build.0 = Debug|Any CPU
		{C1E3F0D9-2BEA-4668-AFF4-454FDF527A58}.Debug|x64.ActiveCfg = Debug|Any CPU
		{C1E3F0D9-2BEA-4668-AFF4-454FDF527A58}.Debug|x64.Build.0 = Debug|Any CPU
		{C1E3F0D9-2BEA-4668-AFF4-454FDF527A58}.Debug|x86.ActiveCfg = Debug|Any CPU
		{C1E3F0D9-2BEA-4668-AFF4-454FDF527A58}.Debug|x86.Build.0 = Debug|Any CPU
		{C1E3F0D9-2BEA-4668-AFF4-454FDF527A58}.DebugWithoutCEF|Any CPU.ActiveCfg = Debug|Any CPU
		{C1E3F0D9-2BEA-4668-AFF4-454FDF527A58}.DebugWithoutCEF|Any CPU.Build.0 = Debug|Any CPU
		{C1E3F0D9-2BEA-4668-AFF4-454FDF527A58}.DebugWithoutCEF|x64.ActiveCfg = Debug|Any CPU
		{C1E3F0D9-2BEA-4668-AFF4-454FDF527A58}.DebugWithoutCEF|x64.Build.0 = Debug|Any CPU
		{C1E3F0D9-2BEA-4668-AFF4-454FDF527A58}.DebugWithoutCEF|x86.ActiveCfg = Debug|Any CPU
		{C1E3F0D9-2BEA-4668-AFF4-454FDF527A58}.DebugWithoutCEF|x86.Build.0 = Debug|Any CPU
		{C1E3F0D9-2BEA-4668-AFF4-454FDF527A58}.Release|Any CPU.ActiveCfg = Release|Any CPU
		{C1E3F0D9-2BEA-4668-AFF4-454FDF527A58}.Release|Any CPU.Build.0 = Release|Any CPU
		{C1E3F0D9-2BEA-4668-AFF4-454FDF527A58}.Release|x64.ActiveCfg = Release|Any CPU
		{C1E3F0D9-2BEA-4668-AFF4-454FDF527A58}.Release|x64.Build.0 = Release|Any CPU
		{C1E3F0D9-2BEA-4668-AFF4-454FDF527A58}.Release|x86.ActiveCfg = Release|Any CPU
		{C1E3F0D9-2BEA-4668-AFF4-454FDF527A58}.Release|x86.Build.0 = Release|Any CPU
		{C1E3F0D9-2BEA-4668-AFF4-454FDF527A58}.ReleaseWithoutCEF|Any CPU.ActiveCfg = Release|Any CPU
		{C1E3F0D9-2BEA-4668-AFF4-454FDF527A58}.ReleaseWithoutCEF|Any CPU.Build.0 = Release|Any CPU
		{C1E3F0D9-2BEA-4668-AFF4-454FDF527A58}.ReleaseWithoutCEF|x64.ActiveCfg = Release|Any CPU
		{C1E3F0D9-2BEA-4668-AFF4-454FDF527A58}.ReleaseWithoutCEF|x64.Build.0 = Release|Any CPU
		{C1E3F0D9-2BEA-4668-AFF4-454FDF527A58}.ReleaseWithoutCEF|x86.ActiveCfg = Release|Any CPU
		{C1E3F0D9-2BEA-4668-AFF4-454FDF527A58}.ReleaseWithoutCEF|x86.Build.0 = Release|Any CPU
		{32EEDE14-8622-42E6-81AE-33941B7A6EFC}.Debug|Any CPU.ActiveCfg = Debug|Any CPU
		{32EEDE14-8622-42E6-81AE-33941B7A6EFC}.Debug|Any CPU.Build.0 = Debug|Any CPU
		{32EEDE14-8622-42E6-81AE-33941B7A6EFC}.Debug|x64.ActiveCfg = Debug|Any CPU
		{32EEDE14-8622-42E6-81AE-33941B7A6EFC}.Debug|x64.Build.0 = Debug|Any CPU
		{32EEDE14-8622-42E6-81AE-33941B7A6EFC}.Debug|x86.ActiveCfg = Debug|Any CPU
		{32EEDE14-8622-42E6-81AE-33941B7A6EFC}.Debug|x86.Build.0 = Debug|Any CPU
		{32EEDE14-8622-42E6-81AE-33941B7A6EFC}.DebugWithoutCEF|Any CPU.ActiveCfg = Debug|Any CPU
		{32EEDE14-8622-42E6-81AE-33941B7A6EFC}.DebugWithoutCEF|Any CPU.Build.0 = Debug|Any CPU
		{32EEDE14-8622-42E6-81AE-33941B7A6EFC}.DebugWithoutCEF|x64.ActiveCfg = Debug|Any CPU
		{32EEDE14-8622-42E6-81AE-33941B7A6EFC}.DebugWithoutCEF|x64.Build.0 = Debug|Any CPU
		{32EEDE14-8622-42E6-81AE-33941B7A6EFC}.DebugWithoutCEF|x86.ActiveCfg = Debug|Any CPU
		{32EEDE14-8622-42E6-81AE-33941B7A6EFC}.DebugWithoutCEF|x86.Build.0 = Debug|Any CPU
		{32EEDE14-8622-42E6-81AE-33941B7A6EFC}.Release|Any CPU.ActiveCfg = Release|Any CPU
		{32EEDE14-8622-42E6-81AE-33941B7A6EFC}.Release|Any CPU.Build.0 = Release|Any CPU
		{32EEDE14-8622-42E6-81AE-33941B7A6EFC}.Release|x64.ActiveCfg = Release|Any CPU
		{32EEDE14-8622-42E6-81AE-33941B7A6EFC}.Release|x64.Build.0 = Release|Any CPU
		{32EEDE14-8622-42E6-81AE-33941B7A6EFC}.Release|x86.ActiveCfg = Release|Any CPU
		{32EEDE14-8622-42E6-81AE-33941B7A6EFC}.Release|x86.Build.0 = Release|Any CPU
		{32EEDE14-8622-42E6-81AE-33941B7A6EFC}.ReleaseWithoutCEF|Any CPU.ActiveCfg = Release|Any CPU
		{32EEDE14-8622-42E6-81AE-33941B7A6EFC}.ReleaseWithoutCEF|Any CPU.Build.0 = Release|Any CPU
		{32EEDE14-8622-42E6-81AE-33941B7A6EFC}.ReleaseWithoutCEF|x64.ActiveCfg = Release|Any CPU
		{32EEDE14-8622-42E6-81AE-33941B7A6EFC}.ReleaseWithoutCEF|x64.Build.0 = Release|Any CPU
		{32EEDE14-8622-42E6-81AE-33941B7A6EFC}.ReleaseWithoutCEF|x86.ActiveCfg = Release|Any CPU
		{32EEDE14-8622-42E6-81AE-33941B7A6EFC}.ReleaseWithoutCEF|x86.Build.0 = Release|Any CPU
		{9EB71E8B-EC41-4054-BAB4-F419B4D13A36}.Debug|Any CPU.ActiveCfg = Debug|Any CPU
		{9EB71E8B-EC41-4054-BAB4-F419B4D13A36}.Debug|Any CPU.Build.0 = Debug|Any CPU
		{9EB71E8B-EC41-4054-BAB4-F419B4D13A36}.Debug|x64.ActiveCfg = Debug|Any CPU
		{9EB71E8B-EC41-4054-BAB4-F419B4D13A36}.Debug|x64.Build.0 = Debug|Any CPU
		{9EB71E8B-EC41-4054-BAB4-F419B4D13A36}.Debug|x86.ActiveCfg = Debug|Any CPU
		{9EB71E8B-EC41-4054-BAB4-F419B4D13A36}.Debug|x86.Build.0 = Debug|Any CPU
		{9EB71E8B-EC41-4054-BAB4-F419B4D13A36}.DebugWithoutCEF|Any CPU.ActiveCfg = Debug|Any CPU
		{9EB71E8B-EC41-4054-BAB4-F419B4D13A36}.DebugWithoutCEF|Any CPU.Build.0 = Debug|Any CPU
		{9EB71E8B-EC41-4054-BAB4-F419B4D13A36}.DebugWithoutCEF|x64.ActiveCfg = Debug|Any CPU
		{9EB71E8B-EC41-4054-BAB4-F419B4D13A36}.DebugWithoutCEF|x64.Build.0 = Debug|Any CPU
		{9EB71E8B-EC41-4054-BAB4-F419B4D13A36}.DebugWithoutCEF|x86.ActiveCfg = Debug|Any CPU
		{9EB71E8B-EC41-4054-BAB4-F419B4D13A36}.DebugWithoutCEF|x86.Build.0 = Debug|Any CPU
		{9EB71E8B-EC41-4054-BAB4-F419B4D13A36}.Release|Any CPU.ActiveCfg = Release|Any CPU
		{9EB71E8B-EC41-4054-BAB4-F419B4D13A36}.Release|Any CPU.Build.0 = Release|Any CPU
		{9EB71E8B-EC41-4054-BAB4-F419B4D13A36}.Release|x64.ActiveCfg = Release|Any CPU
		{9EB71E8B-EC41-4054-BAB4-F419B4D13A36}.Release|x64.Build.0 = Release|Any CPU
		{9EB71E8B-EC41-4054-BAB4-F419B4D13A36}.Release|x86.ActiveCfg = Release|Any CPU
		{9EB71E8B-EC41-4054-BAB4-F419B4D13A36}.Release|x86.Build.0 = Release|Any CPU
		{9EB71E8B-EC41-4054-BAB4-F419B4D13A36}.ReleaseWithoutCEF|Any CPU.ActiveCfg = Release|Any CPU
		{9EB71E8B-EC41-4054-BAB4-F419B4D13A36}.ReleaseWithoutCEF|Any CPU.Build.0 = Release|Any CPU
		{9EB71E8B-EC41-4054-BAB4-F419B4D13A36}.ReleaseWithoutCEF|x64.ActiveCfg = Release|Any CPU
		{9EB71E8B-EC41-4054-BAB4-F419B4D13A36}.ReleaseWithoutCEF|x64.Build.0 = Release|Any CPU
		{9EB71E8B-EC41-4054-BAB4-F419B4D13A36}.ReleaseWithoutCEF|x86.ActiveCfg = Release|Any CPU
		{9EB71E8B-EC41-4054-BAB4-F419B4D13A36}.ReleaseWithoutCEF|x86.Build.0 = Release|Any CPU
		{232852C2-358B-4577-9D29-1E48ED75C342}.Debug|Any CPU.ActiveCfg = Debug|Any CPU
		{232852C2-358B-4577-9D29-1E48ED75C342}.Debug|Any CPU.Build.0 = Debug|Any CPU
		{232852C2-358B-4577-9D29-1E48ED75C342}.Debug|x64.ActiveCfg = Debug|Any CPU
		{232852C2-358B-4577-9D29-1E48ED75C342}.Debug|x64.Build.0 = Debug|Any CPU
		{232852C2-358B-4577-9D29-1E48ED75C342}.Debug|x86.ActiveCfg = Debug|Any CPU
		{232852C2-358B-4577-9D29-1E48ED75C342}.Debug|x86.Build.0 = Debug|Any CPU
		{232852C2-358B-4577-9D29-1E48ED75C342}.DebugWithoutCEF|Any CPU.ActiveCfg = Debug|Any CPU
		{232852C2-358B-4577-9D29-1E48ED75C342}.DebugWithoutCEF|Any CPU.Build.0 = Debug|Any CPU
		{232852C2-358B-4577-9D29-1E48ED75C342}.DebugWithoutCEF|x64.ActiveCfg = Debug|Any CPU
		{232852C2-358B-4577-9D29-1E48ED75C342}.DebugWithoutCEF|x64.Build.0 = Debug|Any CPU
		{232852C2-358B-4577-9D29-1E48ED75C342}.DebugWithoutCEF|x86.ActiveCfg = Debug|Any CPU
		{232852C2-358B-4577-9D29-1E48ED75C342}.DebugWithoutCEF|x86.Build.0 = Debug|Any CPU
		{232852C2-358B-4577-9D29-1E48ED75C342}.Release|Any CPU.ActiveCfg = Release|Any CPU
		{232852C2-358B-4577-9D29-1E48ED75C342}.Release|Any CPU.Build.0 = Release|Any CPU
		{232852C2-358B-4577-9D29-1E48ED75C342}.Release|x64.ActiveCfg = Release|Any CPU
		{232852C2-358B-4577-9D29-1E48ED75C342}.Release|x64.Build.0 = Release|Any CPU
		{232852C2-358B-4577-9D29-1E48ED75C342}.Release|x86.ActiveCfg = Release|Any CPU
		{232852C2-358B-4577-9D29-1E48ED75C342}.Release|x86.Build.0 = Release|Any CPU
		{232852C2-358B-4577-9D29-1E48ED75C342}.ReleaseWithoutCEF|Any CPU.ActiveCfg = Release|Any CPU
		{232852C2-358B-4577-9D29-1E48ED75C342}.ReleaseWithoutCEF|Any CPU.Build.0 = Release|Any CPU
		{232852C2-358B-4577-9D29-1E48ED75C342}.ReleaseWithoutCEF|x64.ActiveCfg = Release|Any CPU
		{232852C2-358B-4577-9D29-1E48ED75C342}.ReleaseWithoutCEF|x64.Build.0 = Release|Any CPU
		{232852C2-358B-4577-9D29-1E48ED75C342}.ReleaseWithoutCEF|x86.ActiveCfg = Release|Any CPU
		{232852C2-358B-4577-9D29-1E48ED75C342}.ReleaseWithoutCEF|x86.Build.0 = Release|Any CPU
		{96FBCF5F-BBF3-4076-8DB6-BF9D8420F3DC}.Debug|Any CPU.ActiveCfg = Debug|Any CPU
		{96FBCF5F-BBF3-4076-8DB6-BF9D8420F3DC}.Debug|Any CPU.Build.0 = Debug|Any CPU
		{96FBCF5F-BBF3-4076-8DB6-BF9D8420F3DC}.Debug|x64.ActiveCfg = Debug|Any CPU
		{96FBCF5F-BBF3-4076-8DB6-BF9D8420F3DC}.Debug|x64.Build.0 = Debug|Any CPU
		{96FBCF5F-BBF3-4076-8DB6-BF9D8420F3DC}.Debug|x86.ActiveCfg = Debug|Any CPU
		{96FBCF5F-BBF3-4076-8DB6-BF9D8420F3DC}.Debug|x86.Build.0 = Debug|Any CPU
		{96FBCF5F-BBF3-4076-8DB6-BF9D8420F3DC}.DebugWithoutCEF|Any CPU.ActiveCfg = Debug|Any CPU
		{96FBCF5F-BBF3-4076-8DB6-BF9D8420F3DC}.DebugWithoutCEF|Any CPU.Build.0 = Debug|Any CPU
		{96FBCF5F-BBF3-4076-8DB6-BF9D8420F3DC}.DebugWithoutCEF|x64.ActiveCfg = Debug|Any CPU
		{96FBCF5F-BBF3-4076-8DB6-BF9D8420F3DC}.DebugWithoutCEF|x64.Build.0 = Debug|Any CPU
		{96FBCF5F-BBF3-4076-8DB6-BF9D8420F3DC}.DebugWithoutCEF|x86.ActiveCfg = Debug|Any CPU
		{96FBCF5F-BBF3-4076-8DB6-BF9D8420F3DC}.DebugWithoutCEF|x86.Build.0 = Debug|Any CPU
		{96FBCF5F-BBF3-4076-8DB6-BF9D8420F3DC}.Release|Any CPU.ActiveCfg = Release|Any CPU
		{96FBCF5F-BBF3-4076-8DB6-BF9D8420F3DC}.Release|Any CPU.Build.0 = Release|Any CPU
		{96FBCF5F-BBF3-4076-8DB6-BF9D8420F3DC}.Release|x64.ActiveCfg = Release|Any CPU
		{96FBCF5F-BBF3-4076-8DB6-BF9D8420F3DC}.Release|x64.Build.0 = Release|Any CPU
		{96FBCF5F-BBF3-4076-8DB6-BF9D8420F3DC}.Release|x86.ActiveCfg = Release|Any CPU
		{96FBCF5F-BBF3-4076-8DB6-BF9D8420F3DC}.Release|x86.Build.0 = Release|Any CPU
		{96FBCF5F-BBF3-4076-8DB6-BF9D8420F3DC}.ReleaseWithoutCEF|Any CPU.ActiveCfg = Release|Any CPU
		{96FBCF5F-BBF3-4076-8DB6-BF9D8420F3DC}.ReleaseWithoutCEF|Any CPU.Build.0 = Release|Any CPU
		{96FBCF5F-BBF3-4076-8DB6-BF9D8420F3DC}.ReleaseWithoutCEF|x64.ActiveCfg = Release|Any CPU
		{96FBCF5F-BBF3-4076-8DB6-BF9D8420F3DC}.ReleaseWithoutCEF|x64.Build.0 = Release|Any CPU
		{96FBCF5F-BBF3-4076-8DB6-BF9D8420F3DC}.ReleaseWithoutCEF|x86.ActiveCfg = Release|Any CPU
		{96FBCF5F-BBF3-4076-8DB6-BF9D8420F3DC}.ReleaseWithoutCEF|x86.Build.0 = Release|Any CPU
		{8D09D103-1B97-4D54-BAA9-841B2F93FF36}.Debug|Any CPU.ActiveCfg = Debug|Any CPU
		{8D09D103-1B97-4D54-BAA9-841B2F93FF36}.Debug|Any CPU.Build.0 = Debug|Any CPU
		{8D09D103-1B97-4D54-BAA9-841B2F93FF36}.Debug|x64.ActiveCfg = Debug|Any CPU
		{8D09D103-1B97-4D54-BAA9-841B2F93FF36}.Debug|x64.Build.0 = Debug|Any CPU
		{8D09D103-1B97-4D54-BAA9-841B2F93FF36}.Debug|x86.ActiveCfg = Debug|Any CPU
		{8D09D103-1B97-4D54-BAA9-841B2F93FF36}.Debug|x86.Build.0 = Debug|Any CPU
		{8D09D103-1B97-4D54-BAA9-841B2F93FF36}.DebugWithoutCEF|Any CPU.ActiveCfg = Debug|Any CPU
		{8D09D103-1B97-4D54-BAA9-841B2F93FF36}.DebugWithoutCEF|Any CPU.Build.0 = Debug|Any CPU
		{8D09D103-1B97-4D54-BAA9-841B2F93FF36}.DebugWithoutCEF|x64.ActiveCfg = Debug|Any CPU
		{8D09D103-1B97-4D54-BAA9-841B2F93FF36}.DebugWithoutCEF|x64.Build.0 = Debug|Any CPU
		{8D09D103-1B97-4D54-BAA9-841B2F93FF36}.DebugWithoutCEF|x86.ActiveCfg = Debug|Any CPU
		{8D09D103-1B97-4D54-BAA9-841B2F93FF36}.DebugWithoutCEF|x86.Build.0 = Debug|Any CPU
		{8D09D103-1B97-4D54-BAA9-841B2F93FF36}.Release|Any CPU.ActiveCfg = Release|Any CPU
		{8D09D103-1B97-4D54-BAA9-841B2F93FF36}.Release|Any CPU.Build.0 = Release|Any CPU
		{8D09D103-1B97-4D54-BAA9-841B2F93FF36}.Release|x64.ActiveCfg = Release|Any CPU
		{8D09D103-1B97-4D54-BAA9-841B2F93FF36}.Release|x64.Build.0 = Release|Any CPU
		{8D09D103-1B97-4D54-BAA9-841B2F93FF36}.Release|x86.ActiveCfg = Release|Any CPU
		{8D09D103-1B97-4D54-BAA9-841B2F93FF36}.Release|x86.Build.0 = Release|Any CPU
		{8D09D103-1B97-4D54-BAA9-841B2F93FF36}.ReleaseWithoutCEF|Any CPU.ActiveCfg = Release|Any CPU
		{8D09D103-1B97-4D54-BAA9-841B2F93FF36}.ReleaseWithoutCEF|Any CPU.Build.0 = Release|Any CPU
		{8D09D103-1B97-4D54-BAA9-841B2F93FF36}.ReleaseWithoutCEF|x64.ActiveCfg = Release|Any CPU
		{8D09D103-1B97-4D54-BAA9-841B2F93FF36}.ReleaseWithoutCEF|x64.Build.0 = Release|Any CPU
		{8D09D103-1B97-4D54-BAA9-841B2F93FF36}.ReleaseWithoutCEF|x86.ActiveCfg = Release|Any CPU
		{8D09D103-1B97-4D54-BAA9-841B2F93FF36}.ReleaseWithoutCEF|x86.Build.0 = Release|Any CPU
	EndGlobalSection
	GlobalSection(SolutionProperties) = preSolution
		HideSolutionNode = FALSE
	EndGlobalSection
	GlobalSection(NestedProjects) = preSolution
		{569B369E-9393-4F57-994E-6B84398FD7CC} = {98C89299-C429-4F0B-9938-4B7775943393}
		{294FC59A-5645-412F-8216-702FB66528C1} = {1A282279-9375-4714-96B6-89A00985C9DC}
		{9863799B-4E44-4DA2-9120-C85C7985BC6D} = {DDA9C372-F8ED-4099-A53C-01B9333FD985}
		{EBAE658A-3ECE-4C98-89BC-F79809AB4A5E} = {98C89299-C429-4F0B-9938-4B7775943393}
		{967E60E3-D668-42A3-AA0B-1A031C20D871} = {F9AE9D23-200C-455B-B14E-2EF20B13432E}
		{6C45112D-B7F0-4463-BE6D-A8A2B5A547BF} = {1A282279-9375-4714-96B6-89A00985C9DC}
		{5A05DF78-216B-4A0B-9E30-7B2557C7E867} = {DDA9C372-F8ED-4099-A53C-01B9333FD985}
		{7B8F763F-39FE-4947-B0E6-B9D97A3B6F8B} = {66D730EB-B9D7-4C3A-8954-0F86240AD612}
		{6D1A03B2-EBA7-4CE2-9237-DF9AD7128947} = {F9AE9D23-200C-455B-B14E-2EF20B13432E}
		{042305D7-DB68-4D02-B08F-ED47BBCD705E} = {F9AE9D23-200C-455B-B14E-2EF20B13432E}
		{7DFE2ECB-37C5-4697-8D8C-050ECAFCF553} = {1A282279-9375-4714-96B6-89A00985C9DC}
		{9E14C360-2DBC-46AE-90A5-6171ABA9CFDB} = {66D730EB-B9D7-4C3A-8954-0F86240AD612}
		{A8583F61-E5D8-44A0-98E3-A795578BE3F0} = {9490C085-8FDC-4EDE-BDCF-280FC19E43FF}
		{00CDE8B2-EBF3-4ECC-B533-D2270693828F} = {66D730EB-B9D7-4C3A-8954-0F86240AD612}
		{E3AB36EA-E98A-4CC2-BC18-1D0E40EEAE1A} = {DDA9C372-F8ED-4099-A53C-01B9333FD985}
		{B9A11210-B5F8-40BC-9464-04D69C3C512B} = {66D730EB-B9D7-4C3A-8954-0F86240AD612}
		{57BB1D65-1EF9-4EAE-A1DE-9EA749431FA1} = {C1752DB5-0157-4666-A25D-2666089457BB}
		{FB0ACC7F-3115-44BF-9931-1BB317CC2F02} = {66D730EB-B9D7-4C3A-8954-0F86240AD612}
		{AA2A09A7-1E92-4572-9411-249C392ED6A6} = {66D730EB-B9D7-4C3A-8954-0F86240AD612}
		{B074E5E8-A2D4-4DFB-81C6-4DD5F0ABB8B4} = {66D730EB-B9D7-4C3A-8954-0F86240AD612}
		{65783100-86DA-4CF6-8066-1292B902B216} = {F9AE9D23-200C-455B-B14E-2EF20B13432E}
		{69824EF3-30F8-4C8A-874E-9B1F5873D25E} = {F9AE9D23-200C-455B-B14E-2EF20B13432E}
		{7788AC2B-7F97-4755-B343-C4196FA90198} = {F9AE9D23-200C-455B-B14E-2EF20B13432E}
		{2F21FEFF-F0EF-40B5-BA05-09FC9F499AE9} = {DDA9C372-F8ED-4099-A53C-01B9333FD985}
		{F6CF3948-C67A-40FC-812A-3733F673EA21} = {C1752DB5-0157-4666-A25D-2666089457BB}
		{7A612803-BAE2-4FED-BBCE-56079EDB8594} = {66D730EB-B9D7-4C3A-8954-0F86240AD612}
		{1E2E9A75-3C8C-4CD9-BE11-32190FD4313C} = {98C89299-C429-4F0B-9938-4B7775943393}
		{C1E3F0D9-2BEA-4668-AFF4-454FDF527A58} = {F9AE9D23-200C-455B-B14E-2EF20B13432E}
		{32EEDE14-8622-42E6-81AE-33941B7A6EFC} = {66D730EB-B9D7-4C3A-8954-0F86240AD612}
		{9EB71E8B-EC41-4054-BAB4-F419B4D13A36} = {66D730EB-B9D7-4C3A-8954-0F86240AD612}
		{232852C2-358B-4577-9D29-1E48ED75C342} = {1A282279-9375-4714-96B6-89A00985C9DC}
		{4FD813E9-EC97-4E85-BAFC-5280BC07C302} = {9264D68F-5269-420F-A486-6B8F39BEEB8B}
		{96FBCF5F-BBF3-4076-8DB6-BF9D8420F3DC} = {98C89299-C429-4F0B-9938-4B7775943393}
		{8D09D103-1B97-4D54-BAA9-841B2F93FF36} = {66D730EB-B9D7-4C3A-8954-0F86240AD612}
	EndGlobalSection
	GlobalSection(ExtensibilityGlobals) = postSolution
		SolutionGuid = {1AE21162-9541-4B98-A49C-A63B6AD03998}
	EndGlobalSection
EndGlobal
