
Microsoft Visual Studio Solution File, Format Version 12.00
# Visual Studio Version 16
VisualStudioVersion = 16.0.30128.74
MinimumVisualStudioVersion = 10.0.40219.1
Project("{FAE04EC0-301F-11D3-BF4B-00C04F79EFBC}") = "AasxPackageExplorer", "AasxPackageExplorer\AasxPackageExplorer.csproj", "{569B369E-9393-4F57-994E-6B84398FD7CC}"
EndProject
Project("{FAE04EC0-301F-11D3-BF4B-00C04F79EFBC}") = "AasxGenerate", "AasxGenerate\AasxGenerate.csproj", "{294FC59A-5645-412F-8216-702FB66528C1}"
EndProject
Project("{FAE04EC0-301F-11D3-BF4B-00C04F79EFBC}") = "AasxCsharpLibrary", "AasxCsharpLibrary\AasxCsharpLibrary.csproj", "{9863799B-4E44-4DA2-9120-C85C7985BC6D}"
EndProject
Project("{FAE04EC0-301F-11D3-BF4B-00C04F79EFBC}") = "AasxWpfControlLibrary", "AasxWpfControlLibrary\AasxWpfControlLibrary.csproj", "{EBAE658A-3ECE-4C98-89BC-F79809AB4A5E}"
EndProject
Project("{FAE04EC0-301F-11D3-BF4B-00C04F79EFBC}") = "AasxRestServerLibrary", "AasxRestServerLibrary\AasxRestServerLibrary.csproj", "{967E60E3-D668-42A3-AA0B-1A031C20D871}"
EndProject
Project("{FAE04EC0-301F-11D3-BF4B-00C04F79EFBC}") = "AasxRestConsoleServer", "AasxRestConsoleServer\AasxRestConsoleServer.csproj", "{6C45112D-B7F0-4463-BE6D-A8A2B5A547BF}"
EndProject
Project("{FAE04EC0-301F-11D3-BF4B-00C04F79EFBC}") = "AasxIntegrationBase", "AasxIntegrationBase\AasxIntegrationBase.csproj", "{5A05DF78-216B-4A0B-9E30-7B2557C7E867}"
EndProject
Project("{FAE04EC0-301F-11D3-BF4B-00C04F79EFBC}") = "AasxIntegrationEmptySample", "AasxIntegrationEmptySample\AasxIntegrationEmptySample.csproj", "{7B8F763F-39FE-4947-B0E6-B9D97A3B6F8B}"
EndProject
Project("{FAE04EC0-301F-11D3-BF4B-00C04F79EFBC}") = "AasxAmlImExport", "AasxAmlImExport\AasxAmlImExport.csproj", "{6D1A03B2-EBA7-4CE2-9237-DF9AD7128947}"
EndProject
Project("{FAE04EC0-301F-11D3-BF4B-00C04F79EFBC}") = "AasxMqtt", "AasxMqtt\AasxMqtt.csproj", "{042305D7-DB68-4D02-B08F-ED47BBCD705E}"
EndProject
Project("{FAE04EC0-301F-11D3-BF4B-00C04F79EFBC}") = "AasxMqttClient", "AasxMqttClient\AasxMqttClient.csproj", "{7DFE2ECB-37C5-4697-8D8C-050ECAFCF553}"
EndProject
Project("{FAE04EC0-301F-11D3-BF4B-00C04F79EFBC}") = "AasxPluginBomStructure", "AasxPluginBomStructure\AasxPluginBomStructure.csproj", "{9E14C360-2DBC-46AE-90A5-6171ABA9CFDB}"
EndProject
Project("{FAE04EC0-301F-11D3-BF4B-00C04F79EFBC}") = "AasxPredefinedConcepts", "AasxPredefinedConcepts\AasxPredefinedConcepts.csproj", "{A8583F61-E5D8-44A0-98E3-A795578BE3F0}"
EndProject
Project("{FAE04EC0-301F-11D3-BF4B-00C04F79EFBC}") = "AasxPluginDocumentShelf", "AasxPluginDocumentShelf\AasxPluginDocumentShelf.csproj", "{00CDE8B2-EBF3-4ECC-B533-D2270693828F}"
EndProject
Project("{FAE04EC0-301F-11D3-BF4B-00C04F79EFBC}") = "AasxIntegrationBaseWpf", "AasxIntegrationBaseWpf\AasxIntegrationBaseWpf.csproj", "{E3AB36EA-E98A-4CC2-BC18-1D0E40EEAE1A}"
EndProject
Project("{FAE04EC0-301F-11D3-BF4B-00C04F79EFBC}") = "AasxPluginGenericForms", "AasxPluginGenericForms\AasxPluginGenericForms.csproj", "{B9A11210-B5F8-40BC-9464-04D69C3C512B}"
EndProject
Project("{FAE04EC0-301F-11D3-BF4B-00C04F79EFBC}") = "MsaglWpfControl", "MsaglWpfControl\MsaglWpfControl.csproj", "{57BB1D65-1EF9-4EAE-A1DE-9EA749431FA1}"
EndProject
Project("{FAE04EC0-301F-11D3-BF4B-00C04F79EFBC}") = "AasxPluginExportTable", "AasxPluginExportTable\AasxPluginExportTable.csproj", "{FB0ACC7F-3115-44BF-9931-1BB317CC2F02}"
EndProject
Project("{FAE04EC0-301F-11D3-BF4B-00C04F79EFBC}") = "AasxPluginWebBrowser", "AasxPluginWebBrowser\AasxPluginWebBrowser.csproj", "{AA2A09A7-1E92-4572-9411-249C392ED6A6}"
EndProject
Project("{FAE04EC0-301F-11D3-BF4B-00C04F79EFBC}") = "AasxPluginTechnicalData", "AasxPluginTechnicalData\AasxPluginTechnicalData.csproj", "{B074E5E8-A2D4-4DFB-81C6-4DD5F0ABB8B4}"
EndProject
Project("{2150E333-8FDC-42A3-9474-1A3956D46DE8}") = "Solution Items", "Solution Items", "{9264D68F-5269-420F-A486-6B8F39BEEB8B}"
	ProjectSection(SolutionItems) = preProject
		README-packages.md = README-packages.md
	EndProjectSection
EndProject
Project("{FAE04EC0-301F-11D3-BF4B-00C04F79EFBC}") = "AasxUANodesetImExport", "AasxUANodesetImExport\AasxUANodesetImExport.csproj", "{65783100-86DA-4CF6-8066-1292B902B216}"
EndProject
Project("{FAE04EC0-301F-11D3-BF4B-00C04F79EFBC}") = "AasxDictionaryImport", "AasxDictionaryImport\AasxDictionaryImport.csproj", "{DEC389BC-59BC-48E5-B163-6E44CE782C4A}"
EndProject
Project("{FAE04EC0-301F-11D3-BF4B-00C04F79EFBC}") = "AasxSignature", "AasxSignature\AasxSignature.csproj", "{69824EF3-30F8-4C8A-874E-9B1F5873D25E}"
EndProject
Project("{FAE04EC0-301F-11D3-BF4B-00C04F79EFBC}") = "AasxOpenidClient", "AasxOpenidClient\AasxOpenidClient.csproj", "{7788AC2B-7F97-4755-B343-C4196FA90198}"
EndProject
Project("{FAE04EC0-301F-11D3-BF4B-00C04F79EFBC}") = "AasxCsharpLibrary.Tests", "AasxCsharpLibrary.Tests\AasxCsharpLibrary.Tests.csproj", "{2F21FEFF-F0EF-40B5-BA05-09FC9F499AE9}"
EndProject
Project("{FAE04EC0-301F-11D3-BF4B-00C04F79EFBC}") = "AasxDictionaryImport.Tests", "AasxDictionaryImport.Tests\AasxDictionaryImport.Tests.csproj", "{B540EBF4-C026-45A4-9721-909AF0CC14C1}"
EndProject
Global
	GlobalSection(SolutionConfigurationPlatforms) = preSolution
		Debug|Any CPU = Debug|Any CPU
		Debug|x64 = Debug|x64
		Debug|x86 = Debug|x86
		Release|Any CPU = Release|Any CPU
		Release|x64 = Release|x64
		Release|x86 = Release|x86
	EndGlobalSection
	GlobalSection(ProjectConfigurationPlatforms) = postSolution
		{569B369E-9393-4F57-994E-6B84398FD7CC}.Debug|Any CPU.ActiveCfg = Debug|Any CPU
		{569B369E-9393-4F57-994E-6B84398FD7CC}.Debug|Any CPU.Build.0 = Debug|Any CPU
		{569B369E-9393-4F57-994E-6B84398FD7CC}.Debug|x64.ActiveCfg = Debug|x64
		{569B369E-9393-4F57-994E-6B84398FD7CC}.Debug|x64.Build.0 = Debug|x64
		{569B369E-9393-4F57-994E-6B84398FD7CC}.Debug|x86.ActiveCfg = Debug|Any CPU
		{569B369E-9393-4F57-994E-6B84398FD7CC}.Debug|x86.Build.0 = Debug|Any CPU
		{569B369E-9393-4F57-994E-6B84398FD7CC}.Release|Any CPU.ActiveCfg = Release|Any CPU
		{569B369E-9393-4F57-994E-6B84398FD7CC}.Release|Any CPU.Build.0 = Release|Any CPU
		{569B369E-9393-4F57-994E-6B84398FD7CC}.Release|x64.ActiveCfg = Release|x64
		{569B369E-9393-4F57-994E-6B84398FD7CC}.Release|x64.Build.0 = Release|x64
		{569B369E-9393-4F57-994E-6B84398FD7CC}.Release|x86.ActiveCfg = Release|Any CPU
		{569B369E-9393-4F57-994E-6B84398FD7CC}.Release|x86.Build.0 = Release|Any CPU
		{294FC59A-5645-412F-8216-702FB66528C1}.Debug|Any CPU.ActiveCfg = Debug|Any CPU
		{294FC59A-5645-412F-8216-702FB66528C1}.Debug|Any CPU.Build.0 = Debug|Any CPU
		{294FC59A-5645-412F-8216-702FB66528C1}.Debug|x64.ActiveCfg = Debug|Any CPU
		{294FC59A-5645-412F-8216-702FB66528C1}.Debug|x64.Build.0 = Debug|Any CPU
		{294FC59A-5645-412F-8216-702FB66528C1}.Debug|x86.ActiveCfg = Debug|Any CPU
		{294FC59A-5645-412F-8216-702FB66528C1}.Debug|x86.Build.0 = Debug|Any CPU
		{294FC59A-5645-412F-8216-702FB66528C1}.Release|Any CPU.ActiveCfg = Release|Any CPU
		{294FC59A-5645-412F-8216-702FB66528C1}.Release|Any CPU.Build.0 = Release|Any CPU
		{294FC59A-5645-412F-8216-702FB66528C1}.Release|x64.ActiveCfg = Release|Any CPU
		{294FC59A-5645-412F-8216-702FB66528C1}.Release|x64.Build.0 = Release|Any CPU
		{294FC59A-5645-412F-8216-702FB66528C1}.Release|x86.ActiveCfg = Release|Any CPU
		{294FC59A-5645-412F-8216-702FB66528C1}.Release|x86.Build.0 = Release|Any CPU
		{9863799B-4E44-4DA2-9120-C85C7985BC6D}.Debug|Any CPU.ActiveCfg = Debug|Any CPU
		{9863799B-4E44-4DA2-9120-C85C7985BC6D}.Debug|Any CPU.Build.0 = Debug|Any CPU
		{9863799B-4E44-4DA2-9120-C85C7985BC6D}.Debug|x64.ActiveCfg = Debug|Any CPU
		{9863799B-4E44-4DA2-9120-C85C7985BC6D}.Debug|x64.Build.0 = Debug|Any CPU
		{9863799B-4E44-4DA2-9120-C85C7985BC6D}.Debug|x86.ActiveCfg = Debug|Any CPU
		{9863799B-4E44-4DA2-9120-C85C7985BC6D}.Debug|x86.Build.0 = Debug|Any CPU
		{9863799B-4E44-4DA2-9120-C85C7985BC6D}.Release|Any CPU.ActiveCfg = Release|Any CPU
		{9863799B-4E44-4DA2-9120-C85C7985BC6D}.Release|Any CPU.Build.0 = Release|Any CPU
		{9863799B-4E44-4DA2-9120-C85C7985BC6D}.Release|x64.ActiveCfg = Release|Any CPU
		{9863799B-4E44-4DA2-9120-C85C7985BC6D}.Release|x64.Build.0 = Release|Any CPU
		{9863799B-4E44-4DA2-9120-C85C7985BC6D}.Release|x86.ActiveCfg = Release|Any CPU
		{9863799B-4E44-4DA2-9120-C85C7985BC6D}.Release|x86.Build.0 = Release|Any CPU
		{EBAE658A-3ECE-4C98-89BC-F79809AB4A5E}.Debug|Any CPU.ActiveCfg = Debug|Any CPU
		{EBAE658A-3ECE-4C98-89BC-F79809AB4A5E}.Debug|Any CPU.Build.0 = Debug|Any CPU
		{EBAE658A-3ECE-4C98-89BC-F79809AB4A5E}.Debug|x64.ActiveCfg = Debug|Any CPU
		{EBAE658A-3ECE-4C98-89BC-F79809AB4A5E}.Debug|x64.Build.0 = Debug|Any CPU
		{EBAE658A-3ECE-4C98-89BC-F79809AB4A5E}.Debug|x86.ActiveCfg = Debug|Any CPU
		{EBAE658A-3ECE-4C98-89BC-F79809AB4A5E}.Debug|x86.Build.0 = Debug|Any CPU
		{EBAE658A-3ECE-4C98-89BC-F79809AB4A5E}.Release|Any CPU.ActiveCfg = Release|Any CPU
		{EBAE658A-3ECE-4C98-89BC-F79809AB4A5E}.Release|Any CPU.Build.0 = Release|Any CPU
		{EBAE658A-3ECE-4C98-89BC-F79809AB4A5E}.Release|x64.ActiveCfg = Release|Any CPU
		{EBAE658A-3ECE-4C98-89BC-F79809AB4A5E}.Release|x64.Build.0 = Release|Any CPU
		{EBAE658A-3ECE-4C98-89BC-F79809AB4A5E}.Release|x86.ActiveCfg = Release|Any CPU
		{EBAE658A-3ECE-4C98-89BC-F79809AB4A5E}.Release|x86.Build.0 = Release|Any CPU
		{967E60E3-D668-42A3-AA0B-1A031C20D871}.Debug|Any CPU.ActiveCfg = Debug|Any CPU
		{967E60E3-D668-42A3-AA0B-1A031C20D871}.Debug|Any CPU.Build.0 = Debug|Any CPU
		{967E60E3-D668-42A3-AA0B-1A031C20D871}.Debug|x64.ActiveCfg = Debug|Any CPU
		{967E60E3-D668-42A3-AA0B-1A031C20D871}.Debug|x64.Build.0 = Debug|Any CPU
		{967E60E3-D668-42A3-AA0B-1A031C20D871}.Debug|x86.ActiveCfg = Debug|Any CPU
		{967E60E3-D668-42A3-AA0B-1A031C20D871}.Debug|x86.Build.0 = Debug|Any CPU
		{967E60E3-D668-42A3-AA0B-1A031C20D871}.Release|Any CPU.ActiveCfg = Release|Any CPU
		{967E60E3-D668-42A3-AA0B-1A031C20D871}.Release|Any CPU.Build.0 = Release|Any CPU
		{967E60E3-D668-42A3-AA0B-1A031C20D871}.Release|x64.ActiveCfg = Release|Any CPU
		{967E60E3-D668-42A3-AA0B-1A031C20D871}.Release|x64.Build.0 = Release|Any CPU
		{967E60E3-D668-42A3-AA0B-1A031C20D871}.Release|x86.ActiveCfg = Release|Any CPU
		{967E60E3-D668-42A3-AA0B-1A031C20D871}.Release|x86.Build.0 = Release|Any CPU
		{6C45112D-B7F0-4463-BE6D-A8A2B5A547BF}.Debug|Any CPU.ActiveCfg = Debug|Any CPU
		{6C45112D-B7F0-4463-BE6D-A8A2B5A547BF}.Debug|Any CPU.Build.0 = Debug|Any CPU
		{6C45112D-B7F0-4463-BE6D-A8A2B5A547BF}.Debug|x64.ActiveCfg = Debug|Any CPU
		{6C45112D-B7F0-4463-BE6D-A8A2B5A547BF}.Debug|x64.Build.0 = Debug|Any CPU
		{6C45112D-B7F0-4463-BE6D-A8A2B5A547BF}.Debug|x86.ActiveCfg = Debug|Any CPU
		{6C45112D-B7F0-4463-BE6D-A8A2B5A547BF}.Debug|x86.Build.0 = Debug|Any CPU
		{6C45112D-B7F0-4463-BE6D-A8A2B5A547BF}.Release|Any CPU.ActiveCfg = Release|Any CPU
		{6C45112D-B7F0-4463-BE6D-A8A2B5A547BF}.Release|Any CPU.Build.0 = Release|Any CPU
		{6C45112D-B7F0-4463-BE6D-A8A2B5A547BF}.Release|x64.ActiveCfg = Release|Any CPU
		{6C45112D-B7F0-4463-BE6D-A8A2B5A547BF}.Release|x64.Build.0 = Release|Any CPU
		{6C45112D-B7F0-4463-BE6D-A8A2B5A547BF}.Release|x86.ActiveCfg = Release|Any CPU
		{6C45112D-B7F0-4463-BE6D-A8A2B5A547BF}.Release|x86.Build.0 = Release|Any CPU
		{5A05DF78-216B-4A0B-9E30-7B2557C7E867}.Debug|Any CPU.ActiveCfg = Debug|Any CPU
		{5A05DF78-216B-4A0B-9E30-7B2557C7E867}.Debug|Any CPU.Build.0 = Debug|Any CPU
		{5A05DF78-216B-4A0B-9E30-7B2557C7E867}.Debug|x64.ActiveCfg = Debug|Any CPU
		{5A05DF78-216B-4A0B-9E30-7B2557C7E867}.Debug|x64.Build.0 = Debug|Any CPU
		{5A05DF78-216B-4A0B-9E30-7B2557C7E867}.Debug|x86.ActiveCfg = Debug|Any CPU
		{5A05DF78-216B-4A0B-9E30-7B2557C7E867}.Debug|x86.Build.0 = Debug|Any CPU
		{5A05DF78-216B-4A0B-9E30-7B2557C7E867}.Release|Any CPU.ActiveCfg = Release|Any CPU
		{5A05DF78-216B-4A0B-9E30-7B2557C7E867}.Release|Any CPU.Build.0 = Release|Any CPU
		{5A05DF78-216B-4A0B-9E30-7B2557C7E867}.Release|x64.ActiveCfg = Release|Any CPU
		{5A05DF78-216B-4A0B-9E30-7B2557C7E867}.Release|x64.Build.0 = Release|Any CPU
		{5A05DF78-216B-4A0B-9E30-7B2557C7E867}.Release|x86.ActiveCfg = Release|Any CPU
		{5A05DF78-216B-4A0B-9E30-7B2557C7E867}.Release|x86.Build.0 = Release|Any CPU
		{7B8F763F-39FE-4947-B0E6-B9D97A3B6F8B}.Debug|Any CPU.ActiveCfg = Debug|Any CPU
		{7B8F763F-39FE-4947-B0E6-B9D97A3B6F8B}.Debug|Any CPU.Build.0 = Debug|Any CPU
		{7B8F763F-39FE-4947-B0E6-B9D97A3B6F8B}.Debug|x64.ActiveCfg = Debug|Any CPU
		{7B8F763F-39FE-4947-B0E6-B9D97A3B6F8B}.Debug|x64.Build.0 = Debug|Any CPU
		{7B8F763F-39FE-4947-B0E6-B9D97A3B6F8B}.Debug|x86.ActiveCfg = Debug|Any CPU
		{7B8F763F-39FE-4947-B0E6-B9D97A3B6F8B}.Debug|x86.Build.0 = Debug|Any CPU
		{7B8F763F-39FE-4947-B0E6-B9D97A3B6F8B}.Release|Any CPU.ActiveCfg = Release|Any CPU
		{7B8F763F-39FE-4947-B0E6-B9D97A3B6F8B}.Release|Any CPU.Build.0 = Release|Any CPU
		{7B8F763F-39FE-4947-B0E6-B9D97A3B6F8B}.Release|x64.ActiveCfg = Release|Any CPU
		{7B8F763F-39FE-4947-B0E6-B9D97A3B6F8B}.Release|x64.Build.0 = Release|Any CPU
		{7B8F763F-39FE-4947-B0E6-B9D97A3B6F8B}.Release|x86.ActiveCfg = Release|Any CPU
		{7B8F763F-39FE-4947-B0E6-B9D97A3B6F8B}.Release|x86.Build.0 = Release|Any CPU
		{6D1A03B2-EBA7-4CE2-9237-DF9AD7128947}.Debug|Any CPU.ActiveCfg = Debug|Any CPU
		{6D1A03B2-EBA7-4CE2-9237-DF9AD7128947}.Debug|Any CPU.Build.0 = Debug|Any CPU
		{6D1A03B2-EBA7-4CE2-9237-DF9AD7128947}.Debug|x64.ActiveCfg = Debug|Any CPU
		{6D1A03B2-EBA7-4CE2-9237-DF9AD7128947}.Debug|x64.Build.0 = Debug|Any CPU
		{6D1A03B2-EBA7-4CE2-9237-DF9AD7128947}.Debug|x86.ActiveCfg = Debug|Any CPU
		{6D1A03B2-EBA7-4CE2-9237-DF9AD7128947}.Debug|x86.Build.0 = Debug|Any CPU
		{6D1A03B2-EBA7-4CE2-9237-DF9AD7128947}.Release|Any CPU.ActiveCfg = Release|Any CPU
		{6D1A03B2-EBA7-4CE2-9237-DF9AD7128947}.Release|Any CPU.Build.0 = Release|Any CPU
		{6D1A03B2-EBA7-4CE2-9237-DF9AD7128947}.Release|x64.ActiveCfg = Release|Any CPU
		{6D1A03B2-EBA7-4CE2-9237-DF9AD7128947}.Release|x64.Build.0 = Release|Any CPU
		{6D1A03B2-EBA7-4CE2-9237-DF9AD7128947}.Release|x86.ActiveCfg = Release|Any CPU
		{6D1A03B2-EBA7-4CE2-9237-DF9AD7128947}.Release|x86.Build.0 = Release|Any CPU
		{042305D7-DB68-4D02-B08F-ED47BBCD705E}.Debug|Any CPU.ActiveCfg = Debug|Any CPU
		{042305D7-DB68-4D02-B08F-ED47BBCD705E}.Debug|Any CPU.Build.0 = Debug|Any CPU
		{042305D7-DB68-4D02-B08F-ED47BBCD705E}.Debug|x64.ActiveCfg = Debug|Any CPU
		{042305D7-DB68-4D02-B08F-ED47BBCD705E}.Debug|x64.Build.0 = Debug|Any CPU
		{042305D7-DB68-4D02-B08F-ED47BBCD705E}.Debug|x86.ActiveCfg = Debug|Any CPU
		{042305D7-DB68-4D02-B08F-ED47BBCD705E}.Debug|x86.Build.0 = Debug|Any CPU
		{042305D7-DB68-4D02-B08F-ED47BBCD705E}.Release|Any CPU.ActiveCfg = Release|Any CPU
		{042305D7-DB68-4D02-B08F-ED47BBCD705E}.Release|Any CPU.Build.0 = Release|Any CPU
		{042305D7-DB68-4D02-B08F-ED47BBCD705E}.Release|x64.ActiveCfg = Release|Any CPU
		{042305D7-DB68-4D02-B08F-ED47BBCD705E}.Release|x64.Build.0 = Release|Any CPU
		{042305D7-DB68-4D02-B08F-ED47BBCD705E}.Release|x86.ActiveCfg = Release|Any CPU
		{042305D7-DB68-4D02-B08F-ED47BBCD705E}.Release|x86.Build.0 = Release|Any CPU
		{7DFE2ECB-37C5-4697-8D8C-050ECAFCF553}.Debug|Any CPU.ActiveCfg = Debug|Any CPU
		{7DFE2ECB-37C5-4697-8D8C-050ECAFCF553}.Debug|Any CPU.Build.0 = Debug|Any CPU
		{7DFE2ECB-37C5-4697-8D8C-050ECAFCF553}.Debug|x64.ActiveCfg = Debug|Any CPU
		{7DFE2ECB-37C5-4697-8D8C-050ECAFCF553}.Debug|x64.Build.0 = Debug|Any CPU
		{7DFE2ECB-37C5-4697-8D8C-050ECAFCF553}.Debug|x86.ActiveCfg = Debug|Any CPU
		{7DFE2ECB-37C5-4697-8D8C-050ECAFCF553}.Debug|x86.Build.0 = Debug|Any CPU
		{7DFE2ECB-37C5-4697-8D8C-050ECAFCF553}.Release|Any CPU.ActiveCfg = Release|Any CPU
		{7DFE2ECB-37C5-4697-8D8C-050ECAFCF553}.Release|Any CPU.Build.0 = Release|Any CPU
		{7DFE2ECB-37C5-4697-8D8C-050ECAFCF553}.Release|x64.ActiveCfg = Release|Any CPU
		{7DFE2ECB-37C5-4697-8D8C-050ECAFCF553}.Release|x64.Build.0 = Release|Any CPU
		{7DFE2ECB-37C5-4697-8D8C-050ECAFCF553}.Release|x86.ActiveCfg = Release|Any CPU
		{7DFE2ECB-37C5-4697-8D8C-050ECAFCF553}.Release|x86.Build.0 = Release|Any CPU
		{9E14C360-2DBC-46AE-90A5-6171ABA9CFDB}.Debug|Any CPU.ActiveCfg = Debug|Any CPU
		{9E14C360-2DBC-46AE-90A5-6171ABA9CFDB}.Debug|Any CPU.Build.0 = Debug|Any CPU
		{9E14C360-2DBC-46AE-90A5-6171ABA9CFDB}.Debug|x64.ActiveCfg = Debug|Any CPU
		{9E14C360-2DBC-46AE-90A5-6171ABA9CFDB}.Debug|x64.Build.0 = Debug|Any CPU
		{9E14C360-2DBC-46AE-90A5-6171ABA9CFDB}.Debug|x86.ActiveCfg = Debug|Any CPU
		{9E14C360-2DBC-46AE-90A5-6171ABA9CFDB}.Debug|x86.Build.0 = Debug|Any CPU
		{9E14C360-2DBC-46AE-90A5-6171ABA9CFDB}.Release|Any CPU.ActiveCfg = Release|Any CPU
		{9E14C360-2DBC-46AE-90A5-6171ABA9CFDB}.Release|Any CPU.Build.0 = Release|Any CPU
		{9E14C360-2DBC-46AE-90A5-6171ABA9CFDB}.Release|x64.ActiveCfg = Release|Any CPU
		{9E14C360-2DBC-46AE-90A5-6171ABA9CFDB}.Release|x64.Build.0 = Release|Any CPU
		{9E14C360-2DBC-46AE-90A5-6171ABA9CFDB}.Release|x86.ActiveCfg = Release|Any CPU
		{9E14C360-2DBC-46AE-90A5-6171ABA9CFDB}.Release|x86.Build.0 = Release|Any CPU
		{A8583F61-E5D8-44A0-98E3-A795578BE3F0}.Debug|Any CPU.ActiveCfg = Debug|Any CPU
		{A8583F61-E5D8-44A0-98E3-A795578BE3F0}.Debug|Any CPU.Build.0 = Debug|Any CPU
		{A8583F61-E5D8-44A0-98E3-A795578BE3F0}.Debug|x64.ActiveCfg = Debug|Any CPU
		{A8583F61-E5D8-44A0-98E3-A795578BE3F0}.Debug|x64.Build.0 = Debug|Any CPU
		{A8583F61-E5D8-44A0-98E3-A795578BE3F0}.Debug|x86.ActiveCfg = Debug|Any CPU
		{A8583F61-E5D8-44A0-98E3-A795578BE3F0}.Debug|x86.Build.0 = Debug|Any CPU
		{A8583F61-E5D8-44A0-98E3-A795578BE3F0}.Release|Any CPU.ActiveCfg = Release|Any CPU
		{A8583F61-E5D8-44A0-98E3-A795578BE3F0}.Release|Any CPU.Build.0 = Release|Any CPU
		{A8583F61-E5D8-44A0-98E3-A795578BE3F0}.Release|x64.ActiveCfg = Release|Any CPU
		{A8583F61-E5D8-44A0-98E3-A795578BE3F0}.Release|x64.Build.0 = Release|Any CPU
		{A8583F61-E5D8-44A0-98E3-A795578BE3F0}.Release|x86.ActiveCfg = Release|Any CPU
		{A8583F61-E5D8-44A0-98E3-A795578BE3F0}.Release|x86.Build.0 = Release|Any CPU
		{00CDE8B2-EBF3-4ECC-B533-D2270693828F}.Debug|Any CPU.ActiveCfg = Debug|Any CPU
		{00CDE8B2-EBF3-4ECC-B533-D2270693828F}.Debug|Any CPU.Build.0 = Debug|Any CPU
		{00CDE8B2-EBF3-4ECC-B533-D2270693828F}.Debug|x64.ActiveCfg = Debug|Any CPU
		{00CDE8B2-EBF3-4ECC-B533-D2270693828F}.Debug|x64.Build.0 = Debug|Any CPU
		{00CDE8B2-EBF3-4ECC-B533-D2270693828F}.Debug|x86.ActiveCfg = Debug|Any CPU
		{00CDE8B2-EBF3-4ECC-B533-D2270693828F}.Debug|x86.Build.0 = Debug|Any CPU
		{00CDE8B2-EBF3-4ECC-B533-D2270693828F}.Release|Any CPU.ActiveCfg = Release|Any CPU
		{00CDE8B2-EBF3-4ECC-B533-D2270693828F}.Release|Any CPU.Build.0 = Release|Any CPU
		{00CDE8B2-EBF3-4ECC-B533-D2270693828F}.Release|x64.ActiveCfg = Release|Any CPU
		{00CDE8B2-EBF3-4ECC-B533-D2270693828F}.Release|x64.Build.0 = Release|Any CPU
		{00CDE8B2-EBF3-4ECC-B533-D2270693828F}.Release|x86.ActiveCfg = Release|Any CPU
		{00CDE8B2-EBF3-4ECC-B533-D2270693828F}.Release|x86.Build.0 = Release|Any CPU
		{E3AB36EA-E98A-4CC2-BC18-1D0E40EEAE1A}.Debug|Any CPU.ActiveCfg = Debug|Any CPU
		{E3AB36EA-E98A-4CC2-BC18-1D0E40EEAE1A}.Debug|Any CPU.Build.0 = Debug|Any CPU
		{E3AB36EA-E98A-4CC2-BC18-1D0E40EEAE1A}.Debug|x64.ActiveCfg = Debug|Any CPU
		{E3AB36EA-E98A-4CC2-BC18-1D0E40EEAE1A}.Debug|x64.Build.0 = Debug|Any CPU
		{E3AB36EA-E98A-4CC2-BC18-1D0E40EEAE1A}.Debug|x86.ActiveCfg = Debug|Any CPU
		{E3AB36EA-E98A-4CC2-BC18-1D0E40EEAE1A}.Debug|x86.Build.0 = Debug|Any CPU
		{E3AB36EA-E98A-4CC2-BC18-1D0E40EEAE1A}.Release|Any CPU.ActiveCfg = Release|Any CPU
		{E3AB36EA-E98A-4CC2-BC18-1D0E40EEAE1A}.Release|Any CPU.Build.0 = Release|Any CPU
		{E3AB36EA-E98A-4CC2-BC18-1D0E40EEAE1A}.Release|x64.ActiveCfg = Release|Any CPU
		{E3AB36EA-E98A-4CC2-BC18-1D0E40EEAE1A}.Release|x64.Build.0 = Release|Any CPU
		{E3AB36EA-E98A-4CC2-BC18-1D0E40EEAE1A}.Release|x86.ActiveCfg = Release|Any CPU
		{E3AB36EA-E98A-4CC2-BC18-1D0E40EEAE1A}.Release|x86.Build.0 = Release|Any CPU
		{B9A11210-B5F8-40BC-9464-04D69C3C512B}.Debug|Any CPU.ActiveCfg = Debug|Any CPU
		{B9A11210-B5F8-40BC-9464-04D69C3C512B}.Debug|Any CPU.Build.0 = Debug|Any CPU
		{B9A11210-B5F8-40BC-9464-04D69C3C512B}.Debug|x64.ActiveCfg = Debug|Any CPU
		{B9A11210-B5F8-40BC-9464-04D69C3C512B}.Debug|x64.Build.0 = Debug|Any CPU
		{B9A11210-B5F8-40BC-9464-04D69C3C512B}.Debug|x86.ActiveCfg = Debug|Any CPU
		{B9A11210-B5F8-40BC-9464-04D69C3C512B}.Debug|x86.Build.0 = Debug|Any CPU
		{B9A11210-B5F8-40BC-9464-04D69C3C512B}.Release|Any CPU.ActiveCfg = Release|Any CPU
		{B9A11210-B5F8-40BC-9464-04D69C3C512B}.Release|Any CPU.Build.0 = Release|Any CPU
		{B9A11210-B5F8-40BC-9464-04D69C3C512B}.Release|x64.ActiveCfg = Release|Any CPU
		{B9A11210-B5F8-40BC-9464-04D69C3C512B}.Release|x64.Build.0 = Release|Any CPU
		{B9A11210-B5F8-40BC-9464-04D69C3C512B}.Release|x86.ActiveCfg = Release|Any CPU
		{B9A11210-B5F8-40BC-9464-04D69C3C512B}.Release|x86.Build.0 = Release|Any CPU
		{57BB1D65-1EF9-4EAE-A1DE-9EA749431FA1}.Debug|Any CPU.ActiveCfg = Debug|Any CPU
		{57BB1D65-1EF9-4EAE-A1DE-9EA749431FA1}.Debug|Any CPU.Build.0 = Debug|Any CPU
		{57BB1D65-1EF9-4EAE-A1DE-9EA749431FA1}.Debug|x64.ActiveCfg = Debug|Any CPU
		{57BB1D65-1EF9-4EAE-A1DE-9EA749431FA1}.Debug|x64.Build.0 = Debug|Any CPU
		{57BB1D65-1EF9-4EAE-A1DE-9EA749431FA1}.Debug|x86.ActiveCfg = Debug|Any CPU
		{57BB1D65-1EF9-4EAE-A1DE-9EA749431FA1}.Debug|x86.Build.0 = Debug|Any CPU
		{57BB1D65-1EF9-4EAE-A1DE-9EA749431FA1}.Release|Any CPU.ActiveCfg = Release|Any CPU
		{57BB1D65-1EF9-4EAE-A1DE-9EA749431FA1}.Release|Any CPU.Build.0 = Release|Any CPU
		{57BB1D65-1EF9-4EAE-A1DE-9EA749431FA1}.Release|x64.ActiveCfg = Release|Any CPU
		{57BB1D65-1EF9-4EAE-A1DE-9EA749431FA1}.Release|x64.Build.0 = Release|Any CPU
		{57BB1D65-1EF9-4EAE-A1DE-9EA749431FA1}.Release|x86.ActiveCfg = Release|Any CPU
		{57BB1D65-1EF9-4EAE-A1DE-9EA749431FA1}.Release|x86.Build.0 = Release|Any CPU
		{FB0ACC7F-3115-44BF-9931-1BB317CC2F02}.Debug|Any CPU.ActiveCfg = Debug|Any CPU
		{FB0ACC7F-3115-44BF-9931-1BB317CC2F02}.Debug|Any CPU.Build.0 = Debug|Any CPU
		{FB0ACC7F-3115-44BF-9931-1BB317CC2F02}.Debug|x64.ActiveCfg = Debug|Any CPU
		{FB0ACC7F-3115-44BF-9931-1BB317CC2F02}.Debug|x64.Build.0 = Debug|Any CPU
		{FB0ACC7F-3115-44BF-9931-1BB317CC2F02}.Debug|x86.ActiveCfg = Debug|Any CPU
		{FB0ACC7F-3115-44BF-9931-1BB317CC2F02}.Debug|x86.Build.0 = Debug|Any CPU
		{FB0ACC7F-3115-44BF-9931-1BB317CC2F02}.Release|Any CPU.ActiveCfg = Release|Any CPU
		{FB0ACC7F-3115-44BF-9931-1BB317CC2F02}.Release|Any CPU.Build.0 = Release|Any CPU
		{FB0ACC7F-3115-44BF-9931-1BB317CC2F02}.Release|x64.ActiveCfg = Release|Any CPU
		{FB0ACC7F-3115-44BF-9931-1BB317CC2F02}.Release|x64.Build.0 = Release|Any CPU
		{FB0ACC7F-3115-44BF-9931-1BB317CC2F02}.Release|x86.ActiveCfg = Release|Any CPU
		{FB0ACC7F-3115-44BF-9931-1BB317CC2F02}.Release|x86.Build.0 = Release|Any CPU
		{AA2A09A7-1E92-4572-9411-249C392ED6A6}.Debug|Any CPU.ActiveCfg = Debug|x64
		{AA2A09A7-1E92-4572-9411-249C392ED6A6}.Debug|Any CPU.Build.0 = Debug|x64
		{AA2A09A7-1E92-4572-9411-249C392ED6A6}.Debug|x64.ActiveCfg = Debug|x64
		{AA2A09A7-1E92-4572-9411-249C392ED6A6}.Debug|x64.Build.0 = Debug|x64
		{AA2A09A7-1E92-4572-9411-249C392ED6A6}.Debug|x86.ActiveCfg = Debug|Any CPU
		{AA2A09A7-1E92-4572-9411-249C392ED6A6}.Debug|x86.Build.0 = Debug|Any CPU
		{AA2A09A7-1E92-4572-9411-249C392ED6A6}.Release|Any CPU.ActiveCfg = Release|Any CPU
		{AA2A09A7-1E92-4572-9411-249C392ED6A6}.Release|Any CPU.Build.0 = Release|Any CPU
		{AA2A09A7-1E92-4572-9411-249C392ED6A6}.Release|x64.ActiveCfg = Release|x64
		{AA2A09A7-1E92-4572-9411-249C392ED6A6}.Release|x64.Build.0 = Release|x64
		{AA2A09A7-1E92-4572-9411-249C392ED6A6}.Release|x86.ActiveCfg = Release|Any CPU
		{AA2A09A7-1E92-4572-9411-249C392ED6A6}.Release|x86.Build.0 = Release|Any CPU
		{B074E5E8-A2D4-4DFB-81C6-4DD5F0ABB8B4}.Debug|Any CPU.ActiveCfg = Debug|Any CPU
		{B074E5E8-A2D4-4DFB-81C6-4DD5F0ABB8B4}.Debug|Any CPU.Build.0 = Debug|Any CPU
		{B074E5E8-A2D4-4DFB-81C6-4DD5F0ABB8B4}.Debug|x64.ActiveCfg = Debug|Any CPU
		{B074E5E8-A2D4-4DFB-81C6-4DD5F0ABB8B4}.Debug|x64.Build.0 = Debug|Any CPU
		{B074E5E8-A2D4-4DFB-81C6-4DD5F0ABB8B4}.Debug|x86.ActiveCfg = Debug|Any CPU
		{B074E5E8-A2D4-4DFB-81C6-4DD5F0ABB8B4}.Debug|x86.Build.0 = Debug|Any CPU
		{B074E5E8-A2D4-4DFB-81C6-4DD5F0ABB8B4}.Release|Any CPU.ActiveCfg = Release|Any CPU
		{B074E5E8-A2D4-4DFB-81C6-4DD5F0ABB8B4}.Release|Any CPU.Build.0 = Release|Any CPU
		{B074E5E8-A2D4-4DFB-81C6-4DD5F0ABB8B4}.Release|x64.ActiveCfg = Release|Any CPU
		{B074E5E8-A2D4-4DFB-81C6-4DD5F0ABB8B4}.Release|x64.Build.0 = Release|Any CPU
		{B074E5E8-A2D4-4DFB-81C6-4DD5F0ABB8B4}.Release|x86.ActiveCfg = Release|Any CPU
		{B074E5E8-A2D4-4DFB-81C6-4DD5F0ABB8B4}.Release|x86.Build.0 = Release|Any CPU
		{65783100-86DA-4CF6-8066-1292B902B216}.Debug|Any CPU.ActiveCfg = Debug|Any CPU
		{65783100-86DA-4CF6-8066-1292B902B216}.Debug|Any CPU.Build.0 = Debug|Any CPU
		{65783100-86DA-4CF6-8066-1292B902B216}.Debug|x64.ActiveCfg = Debug|Any CPU
		{65783100-86DA-4CF6-8066-1292B902B216}.Debug|x64.Build.0 = Debug|Any CPU
		{65783100-86DA-4CF6-8066-1292B902B216}.Debug|x86.ActiveCfg = Debug|Any CPU
		{65783100-86DA-4CF6-8066-1292B902B216}.Debug|x86.Build.0 = Debug|Any CPU
		{65783100-86DA-4CF6-8066-1292B902B216}.Release|Any CPU.ActiveCfg = Release|Any CPU
		{65783100-86DA-4CF6-8066-1292B902B216}.Release|Any CPU.Build.0 = Release|Any CPU
		{65783100-86DA-4CF6-8066-1292B902B216}.Release|x64.ActiveCfg = Release|Any CPU
		{65783100-86DA-4CF6-8066-1292B902B216}.Release|x64.Build.0 = Release|Any CPU
		{65783100-86DA-4CF6-8066-1292B902B216}.Release|x86.ActiveCfg = Release|Any CPU
		{65783100-86DA-4CF6-8066-1292B902B216}.Release|x86.Build.0 = Release|Any CPU
		{DEC389BC-59BC-48E5-B163-6E44CE782C4A}.Debug|Any CPU.ActiveCfg = Debug|Any CPU
		{DEC389BC-59BC-48E5-B163-6E44CE782C4A}.Debug|Any CPU.Build.0 = Debug|Any CPU
		{DEC389BC-59BC-48E5-B163-6E44CE782C4A}.Debug|x64.ActiveCfg = Debug|Any CPU
		{DEC389BC-59BC-48E5-B163-6E44CE782C4A}.Debug|x64.Build.0 = Debug|Any CPU
		{DEC389BC-59BC-48E5-B163-6E44CE782C4A}.Debug|x86.ActiveCfg = Debug|Any CPU
		{DEC389BC-59BC-48E5-B163-6E44CE782C4A}.Debug|x86.Build.0 = Debug|Any CPU
		{DEC389BC-59BC-48E5-B163-6E44CE782C4A}.Release|Any CPU.ActiveCfg = Release|Any CPU
		{DEC389BC-59BC-48E5-B163-6E44CE782C4A}.Release|Any CPU.Build.0 = Release|Any CPU
		{DEC389BC-59BC-48E5-B163-6E44CE782C4A}.Release|x64.ActiveCfg = Release|Any CPU
		{DEC389BC-59BC-48E5-B163-6E44CE782C4A}.Release|x64.Build.0 = Release|Any CPU
		{DEC389BC-59BC-48E5-B163-6E44CE782C4A}.Release|x86.ActiveCfg = Release|Any CPU
		{DEC389BC-59BC-48E5-B163-6E44CE782C4A}.Release|x86.Build.0 = Release|Any CPU
		{69824EF3-30F8-4C8A-874E-9B1F5873D25E}.Debug|Any CPU.ActiveCfg = Debug|Any CPU
		{69824EF3-30F8-4C8A-874E-9B1F5873D25E}.Debug|Any CPU.Build.0 = Debug|Any CPU
		{69824EF3-30F8-4C8A-874E-9B1F5873D25E}.Debug|x64.ActiveCfg = Debug|Any CPU
		{69824EF3-30F8-4C8A-874E-9B1F5873D25E}.Debug|x64.Build.0 = Debug|Any CPU
		{69824EF3-30F8-4C8A-874E-9B1F5873D25E}.Debug|x86.ActiveCfg = Debug|Any CPU
		{69824EF3-30F8-4C8A-874E-9B1F5873D25E}.Debug|x86.Build.0 = Debug|Any CPU
		{69824EF3-30F8-4C8A-874E-9B1F5873D25E}.Release|Any CPU.ActiveCfg = Release|Any CPU
		{69824EF3-30F8-4C8A-874E-9B1F5873D25E}.Release|Any CPU.Build.0 = Release|Any CPU
		{69824EF3-30F8-4C8A-874E-9B1F5873D25E}.Release|x64.ActiveCfg = Release|Any CPU
		{69824EF3-30F8-4C8A-874E-9B1F5873D25E}.Release|x64.Build.0 = Release|Any CPU
		{69824EF3-30F8-4C8A-874E-9B1F5873D25E}.Release|x86.ActiveCfg = Release|Any CPU
		{69824EF3-30F8-4C8A-874E-9B1F5873D25E}.Release|x86.Build.0 = Release|Any CPU
		{7788AC2B-7F97-4755-B343-C4196FA90198}.Debug|Any CPU.ActiveCfg = Debug|Any CPU
		{7788AC2B-7F97-4755-B343-C4196FA90198}.Debug|Any CPU.Build.0 = Debug|Any CPU
		{7788AC2B-7F97-4755-B343-C4196FA90198}.Debug|x64.ActiveCfg = Debug|Any CPU
		{7788AC2B-7F97-4755-B343-C4196FA90198}.Debug|x64.Build.0 = Debug|Any CPU
		{7788AC2B-7F97-4755-B343-C4196FA90198}.Debug|x86.ActiveCfg = Debug|Any CPU
		{7788AC2B-7F97-4755-B343-C4196FA90198}.Debug|x86.Build.0 = Debug|Any CPU
		{7788AC2B-7F97-4755-B343-C4196FA90198}.Release|Any CPU.ActiveCfg = Release|Any CPU
		{7788AC2B-7F97-4755-B343-C4196FA90198}.Release|Any CPU.Build.0 = Release|Any CPU
		{7788AC2B-7F97-4755-B343-C4196FA90198}.Release|x64.ActiveCfg = Release|Any CPU
		{7788AC2B-7F97-4755-B343-C4196FA90198}.Release|x64.Build.0 = Release|Any CPU
		{7788AC2B-7F97-4755-B343-C4196FA90198}.Release|x86.ActiveCfg = Release|Any CPU
		{7788AC2B-7F97-4755-B343-C4196FA90198}.Release|x86.Build.0 = Release|Any CPU
		{2F21FEFF-F0EF-40B5-BA05-09FC9F499AE9}.Debug|Any CPU.ActiveCfg = Debug|Any CPU
		{2F21FEFF-F0EF-40B5-BA05-09FC9F499AE9}.Debug|Any CPU.Build.0 = Debug|Any CPU
		{2F21FEFF-F0EF-40B5-BA05-09FC9F499AE9}.Debug|x64.ActiveCfg = Debug|Any CPU
		{2F21FEFF-F0EF-40B5-BA05-09FC9F499AE9}.Debug|x64.Build.0 = Debug|Any CPU
		{2F21FEFF-F0EF-40B5-BA05-09FC9F499AE9}.Debug|x86.ActiveCfg = Debug|Any CPU
		{2F21FEFF-F0EF-40B5-BA05-09FC9F499AE9}.Debug|x86.Build.0 = Debug|Any CPU
		{2F21FEFF-F0EF-40B5-BA05-09FC9F499AE9}.Release|Any CPU.ActiveCfg = Release|Any CPU
		{2F21FEFF-F0EF-40B5-BA05-09FC9F499AE9}.Release|Any CPU.Build.0 = Release|Any CPU
		{2F21FEFF-F0EF-40B5-BA05-09FC9F499AE9}.Release|x64.ActiveCfg = Release|Any CPU
		{2F21FEFF-F0EF-40B5-BA05-09FC9F499AE9}.Release|x64.Build.0 = Release|Any CPU
		{2F21FEFF-F0EF-40B5-BA05-09FC9F499AE9}.Release|x86.ActiveCfg = Release|Any CPU
		{2F21FEFF-F0EF-40B5-BA05-09FC9F499AE9}.Release|x86.Build.0 = Release|Any CPU
		{B540EBF4-C026-45A4-9721-909AF0CC14C1}.Debug|Any CPU.ActiveCfg = Debug|Any CPU
		{B540EBF4-C026-45A4-9721-909AF0CC14C1}.Debug|Any CPU.Build.0 = Debug|Any CPU
		{B540EBF4-C026-45A4-9721-909AF0CC14C1}.Debug|x64.ActiveCfg = Debug|Any CPU
		{B540EBF4-C026-45A4-9721-909AF0CC14C1}.Debug|x64.Build.0 = Debug|Any CPU
		{B540EBF4-C026-45A4-9721-909AF0CC14C1}.Debug|x86.ActiveCfg = Debug|Any CPU
		{B540EBF4-C026-45A4-9721-909AF0CC14C1}.Debug|x86.Build.0 = Debug|Any CPU
		{B540EBF4-C026-45A4-9721-909AF0CC14C1}.Release|Any CPU.ActiveCfg = Release|Any CPU
		{B540EBF4-C026-45A4-9721-909AF0CC14C1}.Release|Any CPU.Build.0 = Release|Any CPU
		{B540EBF4-C026-45A4-9721-909AF0CC14C1}.Release|x64.ActiveCfg = Release|Any CPU
		{B540EBF4-C026-45A4-9721-909AF0CC14C1}.Release|x64.Build.0 = Release|Any CPU
		{B540EBF4-C026-45A4-9721-909AF0CC14C1}.Release|x86.ActiveCfg = Release|Any CPU
		{B540EBF4-C026-45A4-9721-909AF0CC14C1}.Release|x86.Build.0 = Release|Any CPU
	EndGlobalSection
	GlobalSection(SolutionProperties) = preSolution
		HideSolutionNode = FALSE
	EndGlobalSection
	GlobalSection(ExtensibilityGlobals) = postSolution
		SolutionGuid = {1AE21162-9541-4B98-A49C-A63B6AD03998}
	EndGlobalSection
EndGlobal
